// !$*UTF8*$!
{
	archiveVersion = 1;
	classes = {
	};
	objectVersion = 52;
	objects = {

/* Begin PBXBuildFile section */
		D601904B26F47F7600F8BC0B /* UIScreen+Extension.swift in Sources */ = {isa = PBXBuildFile; fileRef = D601904A26F47F7600F8BC0B /* UIScreen+Extension.swift */; };
		D601904C26F47F7600F8BC0B /* UIScreen+Extension.swift in Sources */ = {isa = PBXBuildFile; fileRef = D601904A26F47F7600F8BC0B /* UIScreen+Extension.swift */; };
		D601904D26F47F7600F8BC0B /* UIScreen+Extension.swift in Sources */ = {isa = PBXBuildFile; fileRef = D601904A26F47F7600F8BC0B /* UIScreen+Extension.swift */; };
		D601905126F4812600F8BC0B /* NeomorphicStyles.swift in Sources */ = {isa = PBXBuildFile; fileRef = D601905026F4812600F8BC0B /* NeomorphicStyles.swift */; };
		D601905226F4812600F8BC0B /* NeomorphicStyles.swift in Sources */ = {isa = PBXBuildFile; fileRef = D601905026F4812600F8BC0B /* NeomorphicStyles.swift */; };
		D601905326F4812600F8BC0B /* NeomorphicStyles.swift in Sources */ = {isa = PBXBuildFile; fileRef = D601905026F4812600F8BC0B /* NeomorphicStyles.swift */; };
		D601905626F4AD9000F8BC0B /* OrderedCollections in Frameworks */ = {isa = PBXBuildFile; productRef = D601905526F4AD9000F8BC0B /* OrderedCollections */; };
		D601905826F4AD9000F8BC0B /* Collections in Frameworks */ = {isa = PBXBuildFile; productRef = D601905726F4AD9000F8BC0B /* Collections */; };
		D601905A26F4AD9000F8BC0B /* DequeModule in Frameworks */ = {isa = PBXBuildFile; productRef = D601905926F4AD9000F8BC0B /* DequeModule */; };
		D601905C26F4CB5600F8BC0B /* ERC725IdentityView.swift in Sources */ = {isa = PBXBuildFile; fileRef = D601905B26F4CB5600F8BC0B /* ERC725IdentityView.swift */; };
		D601905D26F4CB5600F8BC0B /* ERC725IdentityView.swift in Sources */ = {isa = PBXBuildFile; fileRef = D601905B26F4CB5600F8BC0B /* ERC725IdentityView.swift */; };
		D601905E26F4CB5600F8BC0B /* ERC725IdentityView.swift in Sources */ = {isa = PBXBuildFile; fileRef = D601905B26F4CB5600F8BC0B /* ERC725IdentityView.swift */; };
		D601906126F4CC3B00F8BC0B /* LSP3ProfileSearchView.swift in Sources */ = {isa = PBXBuildFile; fileRef = D601906026F4CC3B00F8BC0B /* LSP3ProfileSearchView.swift */; };
		D601906226F4CC3B00F8BC0B /* LSP3ProfileSearchView.swift in Sources */ = {isa = PBXBuildFile; fileRef = D601906026F4CC3B00F8BC0B /* LSP3ProfileSearchView.swift */; };
		D601906326F4CC3B00F8BC0B /* LSP3ProfileSearchView.swift in Sources */ = {isa = PBXBuildFile; fileRef = D601906026F4CC3B00F8BC0B /* LSP3ProfileSearchView.swift */; };
		D611D2D826DA334D00C31E3D /* SampleResourceService.swift in Sources */ = {isa = PBXBuildFile; fileRef = D611D2D726DA334D00C31E3D /* SampleResourceService.swift */; };
		D611D2D926DA334D00C31E3D /* SampleResourceService.swift in Sources */ = {isa = PBXBuildFile; fileRef = D611D2D726DA334D00C31E3D /* SampleResourceService.swift */; };
		D611D2DA26DA334D00C31E3D /* SampleResourceService.swift in Sources */ = {isa = PBXBuildFile; fileRef = D611D2D726DA334D00C31E3D /* SampleResourceService.swift */; };
		D6629EBE26E9598D00686119 /* LSP3ProfileRepository.swift in Sources */ = {isa = PBXBuildFile; fileRef = D6629EBD26E9598D00686119 /* LSP3ProfileRepository.swift */; };
		D6629EBF26E9598D00686119 /* LSP3ProfileRepository.swift in Sources */ = {isa = PBXBuildFile; fileRef = D6629EBD26E9598D00686119 /* LSP3ProfileRepository.swift */; };
		D6629EC026E9598D00686119 /* LSP3ProfileRepository.swift in Sources */ = {isa = PBXBuildFile; fileRef = D6629EBD26E9598D00686119 /* LSP3ProfileRepository.swift */; };
		D6629EC226E959D900686119 /* SimpleCache.swift in Sources */ = {isa = PBXBuildFile; fileRef = D6629EC126E959D900686119 /* SimpleCache.swift */; };
		D6629EC326E959D900686119 /* SimpleCache.swift in Sources */ = {isa = PBXBuildFile; fileRef = D6629EC126E959D900686119 /* SimpleCache.swift */; };
		D6629EC426E959D900686119 /* SimpleCache.swift in Sources */ = {isa = PBXBuildFile; fileRef = D6629EC126E959D900686119 /* SimpleCache.swift */; };
		D664A89A26F0A2DB00CB7A1F /* NeomorphicButtonStyle.swift in Sources */ = {isa = PBXBuildFile; fileRef = D664A89926F0A2DB00CB7A1F /* NeomorphicButtonStyle.swift */; };
		D664A89B26F0A2DB00CB7A1F /* NeomorphicButtonStyle.swift in Sources */ = {isa = PBXBuildFile; fileRef = D664A89926F0A2DB00CB7A1F /* NeomorphicButtonStyle.swift */; };
		D664A89C26F0A2DB00CB7A1F /* NeomorphicButtonStyle.swift in Sources */ = {isa = PBXBuildFile; fileRef = D664A89926F0A2DB00CB7A1F /* NeomorphicButtonStyle.swift */; };
		D664A8A026F0A2EF00CB7A1F /* Color+Extension.swift in Sources */ = {isa = PBXBuildFile; fileRef = D664A89F26F0A2EF00CB7A1F /* Color+Extension.swift */; };
		D664A8A126F0A2EF00CB7A1F /* Color+Extension.swift in Sources */ = {isa = PBXBuildFile; fileRef = D664A89F26F0A2EF00CB7A1F /* Color+Extension.swift */; };
		D664A8A226F0A2EF00CB7A1F /* Color+Extension.swift in Sources */ = {isa = PBXBuildFile; fileRef = D664A89F26F0A2EF00CB7A1F /* Color+Extension.swift */; };
		D664A8A426F0A30C00CB7A1F /* LinearGradient+Extension.swift in Sources */ = {isa = PBXBuildFile; fileRef = D664A8A326F0A30C00CB7A1F /* LinearGradient+Extension.swift */; };
		D664A8A526F0A30C00CB7A1F /* LinearGradient+Extension.swift in Sources */ = {isa = PBXBuildFile; fileRef = D664A8A326F0A30C00CB7A1F /* LinearGradient+Extension.swift */; };
		D664A8A626F0A30C00CB7A1F /* LinearGradient+Extension.swift in Sources */ = {isa = PBXBuildFile; fileRef = D664A8A326F0A30C00CB7A1F /* LinearGradient+Extension.swift */; };
		D664A8A826F0A63D00CB7A1F /* ImageLoader.swift in Sources */ = {isa = PBXBuildFile; fileRef = D664A8A726F0A63D00CB7A1F /* ImageLoader.swift */; };
		D664A8A926F0A63D00CB7A1F /* ImageLoader.swift in Sources */ = {isa = PBXBuildFile; fileRef = D664A8A726F0A63D00CB7A1F /* ImageLoader.swift */; };
		D664A8AA26F0A63D00CB7A1F /* ImageLoader.swift in Sources */ = {isa = PBXBuildFile; fileRef = D664A8A726F0A63D00CB7A1F /* ImageLoader.swift */; };
		D664A8AE26F0CA7D00CB7A1F /* universalprofile_ios_sdk.framework in Frameworks */ = {isa = PBXBuildFile; fileRef = D66283BE26E8E9C100686119 /* universalprofile_ios_sdk.framework */; };
		D6782A6026CF97F2007737C5 /* AppError.swift in Sources */ = {isa = PBXBuildFile; fileRef = D6782A5F26CF97F2007737C5 /* AppError.swift */; };
		D6789CD826DE67DF00650863 /* universalprofile_ios_sdk.framework in Frameworks */ = {isa = PBXBuildFile; fileRef = D6789CD526DE67BE00650863 /* universalprofile_ios_sdk.framework */; };
		D68B006626D2DC3D008C9403 /* DependencyInjectorContainer.swift in Sources */ = {isa = PBXBuildFile; fileRef = D68B006526D2DC3D008C9403 /* DependencyInjectorContainer.swift */; };
		D68B006A26D2DCEC008C9403 /* Web3KeyStore.swift in Sources */ = {isa = PBXBuildFile; fileRef = D68B006926D2DCEC008C9403 /* Web3KeyStore.swift */; };
		D68B006C26D2DD26008C9403 /* KeyValueStore.swift in Sources */ = {isa = PBXBuildFile; fileRef = D68B006B26D2DD26008C9403 /* KeyValueStore.swift */; };
		D68B007026D2E3C2008C9403 /* Environments.swift in Sources */ = {isa = PBXBuildFile; fileRef = D68B006F26D2E3C2008C9403 /* Environments.swift */; };
		D68B008526D39A56008C9403 /* UP_SampleApp.swift in Sources */ = {isa = PBXBuildFile; fileRef = D6DCA54126CE50140035CC12 /* UP_SampleApp.swift */; };
		D68B008626D39A56008C9403 /* Environments.swift in Sources */ = {isa = PBXBuildFile; fileRef = D68B006F26D2E3C2008C9403 /* Environments.swift */; };
		D68B008726D39A56008C9403 /* AppError.swift in Sources */ = {isa = PBXBuildFile; fileRef = D6782A5F26CF97F2007737C5 /* AppError.swift */; };
		D68B008826D39A56008C9403 /* KeyValueStore.swift in Sources */ = {isa = PBXBuildFile; fileRef = D68B006B26D2DD26008C9403 /* KeyValueStore.swift */; };
		D68B008926D39A56008C9403 /* DependencyInjectorContainer.swift in Sources */ = {isa = PBXBuildFile; fileRef = D68B006526D2DC3D008C9403 /* DependencyInjectorContainer.swift */; };
		D68B008A26D39A56008C9403 /* Web3KeyStore.swift in Sources */ = {isa = PBXBuildFile; fileRef = D68B006926D2DCEC008C9403 /* Web3KeyStore.swift */; };
		D68B008C26D39A56008C9403 /* ContentView.swift in Sources */ = {isa = PBXBuildFile; fileRef = D6DCA54326CE50140035CC12 /* ContentView.swift */; };
		D68B009426D39A58008C9403 /* UP_SampleApp.swift in Sources */ = {isa = PBXBuildFile; fileRef = D6DCA54126CE50140035CC12 /* UP_SampleApp.swift */; };
		D68B009526D39A58008C9403 /* Environments.swift in Sources */ = {isa = PBXBuildFile; fileRef = D68B006F26D2E3C2008C9403 /* Environments.swift */; };
		D68B009626D39A58008C9403 /* AppError.swift in Sources */ = {isa = PBXBuildFile; fileRef = D6782A5F26CF97F2007737C5 /* AppError.swift */; };
		D68B009726D39A58008C9403 /* KeyValueStore.swift in Sources */ = {isa = PBXBuildFile; fileRef = D68B006B26D2DD26008C9403 /* KeyValueStore.swift */; };
		D68B009826D39A58008C9403 /* DependencyInjectorContainer.swift in Sources */ = {isa = PBXBuildFile; fileRef = D68B006526D2DC3D008C9403 /* DependencyInjectorContainer.swift */; };
		D68B009926D39A58008C9403 /* Web3KeyStore.swift in Sources */ = {isa = PBXBuildFile; fileRef = D68B006926D2DCEC008C9403 /* Web3KeyStore.swift */; };
		D68B009B26D39A58008C9403 /* ContentView.swift in Sources */ = {isa = PBXBuildFile; fileRef = D6DCA54326CE50140035CC12 /* ContentView.swift */; };
		D68B00B126D4CF30008C9403 /* PasswordStore.swift in Sources */ = {isa = PBXBuildFile; fileRef = D68B00B026D4CF2F008C9403 /* PasswordStore.swift */; };
		D68B00B226D4CF34008C9403 /* PasswordStore.swift in Sources */ = {isa = PBXBuildFile; fileRef = D68B00B026D4CF2F008C9403 /* PasswordStore.swift */; };
		D68B00B326D4CF34008C9403 /* PasswordStore.swift in Sources */ = {isa = PBXBuildFile; fileRef = D68B00B026D4CF2F008C9403 /* PasswordStore.swift */; };
		D68B00B926D4EAA9008C9403 /* Swinject.framework in Frameworks */ = {isa = PBXBuildFile; fileRef = D68B00B826D4EAA9008C9403 /* Swinject.framework */; };
		D68B00CB26D4F505008C9403 /* SampleResourceServiceImpl.swift in Sources */ = {isa = PBXBuildFile; fileRef = D68B00CA26D4F505008C9403 /* SampleResourceServiceImpl.swift */; };
		D68B00CC26D4F505008C9403 /* SampleResourceServiceImpl.swift in Sources */ = {isa = PBXBuildFile; fileRef = D68B00CA26D4F505008C9403 /* SampleResourceServiceImpl.swift */; };
		D68B00CD26D4F505008C9403 /* SampleResourceServiceImpl.swift in Sources */ = {isa = PBXBuildFile; fileRef = D68B00CA26D4F505008C9403 /* SampleResourceServiceImpl.swift */; };
		D68B014D26D621C0008C9403 /* BCryptSwift.swift in Sources */ = {isa = PBXBuildFile; fileRef = D68B014C26D621C0008C9403 /* BCryptSwift.swift */; };
		D68B014E26D621C0008C9403 /* BCryptSwift.swift in Sources */ = {isa = PBXBuildFile; fileRef = D68B014C26D621C0008C9403 /* BCryptSwift.swift */; };
		D68B014F26D621C0008C9403 /* BCryptSwift.swift in Sources */ = {isa = PBXBuildFile; fileRef = D68B014C26D621C0008C9403 /* BCryptSwift.swift */; };
		D68B015126D621E2008C9403 /* BCryptSwiftRandom.swift in Sources */ = {isa = PBXBuildFile; fileRef = D68B015026D621E2008C9403 /* BCryptSwiftRandom.swift */; };
		D68B015226D621E2008C9403 /* BCryptSwiftRandom.swift in Sources */ = {isa = PBXBuildFile; fileRef = D68B015026D621E2008C9403 /* BCryptSwiftRandom.swift */; };
		D68B015326D621E2008C9403 /* BCryptSwiftRandom.swift in Sources */ = {isa = PBXBuildFile; fileRef = D68B015026D621E2008C9403 /* BCryptSwiftRandom.swift */; };
		D68B015626D627DA008C9403 /* SignInUseCase.swift in Sources */ = {isa = PBXBuildFile; fileRef = D68B015526D627DA008C9403 /* SignInUseCase.swift */; };
		D68B015726D627DA008C9403 /* SignInUseCase.swift in Sources */ = {isa = PBXBuildFile; fileRef = D68B015526D627DA008C9403 /* SignInUseCase.swift */; };
		D68B015826D627DA008C9403 /* SignInUseCase.swift in Sources */ = {isa = PBXBuildFile; fileRef = D68B015526D627DA008C9403 /* SignInUseCase.swift */; };
		D68B015B26D63149008C9403 /* AuthStore.swift in Sources */ = {isa = PBXBuildFile; fileRef = D68B015A26D63149008C9403 /* AuthStore.swift */; };
		D68B015C26D63149008C9403 /* AuthStore.swift in Sources */ = {isa = PBXBuildFile; fileRef = D68B015A26D63149008C9403 /* AuthStore.swift */; };
		D68B015D26D63149008C9403 /* AuthStore.swift in Sources */ = {isa = PBXBuildFile; fileRef = D68B015A26D63149008C9403 /* AuthStore.swift */; };
		D68B015F26D634CA008C9403 /* UserAgent.swift in Sources */ = {isa = PBXBuildFile; fileRef = D68B015E26D634CA008C9403 /* UserAgent.swift */; };
		D68B016026D634CA008C9403 /* UserAgent.swift in Sources */ = {isa = PBXBuildFile; fileRef = D68B015E26D634CA008C9403 /* UserAgent.swift */; };
		D68B016126D634CA008C9403 /* UserAgent.swift in Sources */ = {isa = PBXBuildFile; fileRef = D68B015E26D634CA008C9403 /* UserAgent.swift */; };
		D68B016326D6365B008C9403 /* UIDevice+Extension.swift in Sources */ = {isa = PBXBuildFile; fileRef = D68B016226D6365B008C9403 /* UIDevice+Extension.swift */; };
		D68B016426D6365B008C9403 /* UIDevice+Extension.swift in Sources */ = {isa = PBXBuildFile; fileRef = D68B016226D6365B008C9403 /* UIDevice+Extension.swift */; };
		D68B016526D6365B008C9403 /* UIDevice+Extension.swift in Sources */ = {isa = PBXBuildFile; fileRef = D68B016226D6365B008C9403 /* UIDevice+Extension.swift */; };
		D68B016726D63714008C9403 /* Date+Extension.swift in Sources */ = {isa = PBXBuildFile; fileRef = D68B016626D63714008C9403 /* Date+Extension.swift */; };
		D68B016826D63714008C9403 /* Date+Extension.swift in Sources */ = {isa = PBXBuildFile; fileRef = D68B016626D63714008C9403 /* Date+Extension.swift */; };
		D68B016926D63714008C9403 /* Date+Extension.swift in Sources */ = {isa = PBXBuildFile; fileRef = D68B016626D63714008C9403 /* Date+Extension.swift */; };
		D68B017026D63C35008C9403 /* IdentityProviderBaseFlowViewModel.swift in Sources */ = {isa = PBXBuildFile; fileRef = D68B016F26D63C35008C9403 /* IdentityProviderBaseFlowViewModel.swift */; };
		D68B017126D63C35008C9403 /* IdentityProviderBaseFlowViewModel.swift in Sources */ = {isa = PBXBuildFile; fileRef = D68B016F26D63C35008C9403 /* IdentityProviderBaseFlowViewModel.swift */; };
		D68B017226D63C35008C9403 /* IdentityProviderBaseFlowViewModel.swift in Sources */ = {isa = PBXBuildFile; fileRef = D68B016F26D63C35008C9403 /* IdentityProviderBaseFlowViewModel.swift */; };
		D68B018326D653A5008C9403 /* RxBlocking.framework in Frameworks */ = {isa = PBXBuildFile; fileRef = D68B017726D6532E008C9403 /* RxBlocking.framework */; };
		D68B018426D653A5008C9403 /* RxCocoa.framework in Frameworks */ = {isa = PBXBuildFile; fileRef = D68B017526D6532E008C9403 /* RxCocoa.framework */; };
		D68B018526D653A5008C9403 /* RxRelay.framework in Frameworks */ = {isa = PBXBuildFile; fileRef = D68B017426D6532E008C9403 /* RxRelay.framework */; };
		D68B018626D653A5008C9403 /* RxSwift.framework in Frameworks */ = {isa = PBXBuildFile; fileRef = D68B017826D6532E008C9403 /* RxSwift.framework */; };
		D68B018726D653A5008C9403 /* RxTest.framework in Frameworks */ = {isa = PBXBuildFile; fileRef = D68B017626D6532E008C9403 /* RxTest.framework */; };
		D68B019026D6557E008C9403 /* XCTest.framework in Frameworks */ = {isa = PBXBuildFile; fileRef = D68B018D26D65572008C9403 /* XCTest.framework */; };
		D6A8F15D26EB54D000C4BF9F /* LSP3ProfilesListView.swift in Sources */ = {isa = PBXBuildFile; fileRef = D6A8F15C26EB54D000C4BF9F /* LSP3ProfilesListView.swift */; };
		D6A8F15F26EB583D00C4BF9F /* LSP3ProfileListViewModel.swift in Sources */ = {isa = PBXBuildFile; fileRef = D6A8F15E26EB583D00C4BF9F /* LSP3ProfileListViewModel.swift */; };
		D6A8F16026EB583D00C4BF9F /* LSP3ProfileListViewModel.swift in Sources */ = {isa = PBXBuildFile; fileRef = D6A8F15E26EB583D00C4BF9F /* LSP3ProfileListViewModel.swift */; };
		D6A8F16126EB583D00C4BF9F /* LSP3ProfileListViewModel.swift in Sources */ = {isa = PBXBuildFile; fileRef = D6A8F15E26EB583D00C4BF9F /* LSP3ProfileListViewModel.swift */; };
		D6A8F19826EF371100C4BF9F /* LSP3CreateProfileViewModel.swift in Sources */ = {isa = PBXBuildFile; fileRef = D6A8F19726EF371100C4BF9F /* LSP3CreateProfileViewModel.swift */; };
		D6A8F19926EF371100C4BF9F /* LSP3CreateProfileViewModel.swift in Sources */ = {isa = PBXBuildFile; fileRef = D6A8F19726EF371100C4BF9F /* LSP3CreateProfileViewModel.swift */; };
		D6A8F19A26EF371100C4BF9F /* LSP3CreateProfileViewModel.swift in Sources */ = {isa = PBXBuildFile; fileRef = D6A8F19726EF371100C4BF9F /* LSP3CreateProfileViewModel.swift */; };
		D6A8F19C26EF3C0E00C4BF9F /* LSP3ProfileDetailsViewModel.swift in Sources */ = {isa = PBXBuildFile; fileRef = D6A8F19B26EF3C0E00C4BF9F /* LSP3ProfileDetailsViewModel.swift */; };
		D6A8F19D26EF3C0E00C4BF9F /* LSP3ProfileDetailsViewModel.swift in Sources */ = {isa = PBXBuildFile; fileRef = D6A8F19B26EF3C0E00C4BF9F /* LSP3ProfileDetailsViewModel.swift */; };
		D6A8F19E26EF3C0E00C4BF9F /* LSP3ProfileDetailsViewModel.swift in Sources */ = {isa = PBXBuildFile; fileRef = D6A8F19B26EF3C0E00C4BF9F /* LSP3ProfileDetailsViewModel.swift */; };
		D6A8F1A026EF3D1500C4BF9F /* LSP3ProfileDetailsView.swift in Sources */ = {isa = PBXBuildFile; fileRef = D6A8F19F26EF3D1500C4BF9F /* LSP3ProfileDetailsView.swift */; };
		D6A8F1A126EF3D1500C4BF9F /* LSP3ProfileDetailsView.swift in Sources */ = {isa = PBXBuildFile; fileRef = D6A8F19F26EF3D1500C4BF9F /* LSP3ProfileDetailsView.swift */; };
		D6A8F1A226EF3D1500C4BF9F /* LSP3ProfileDetailsView.swift in Sources */ = {isa = PBXBuildFile; fileRef = D6A8F19F26EF3D1500C4BF9F /* LSP3ProfileDetailsView.swift */; };
		D6A8F1A426EF3D2300C4BF9F /* LSP3CreateProfileView.swift in Sources */ = {isa = PBXBuildFile; fileRef = D6A8F1A326EF3D2300C4BF9F /* LSP3CreateProfileView.swift */; };
		D6A8F1A526EF3D2300C4BF9F /* LSP3CreateProfileView.swift in Sources */ = {isa = PBXBuildFile; fileRef = D6A8F1A326EF3D2300C4BF9F /* LSP3CreateProfileView.swift */; };
		D6A8F1A626EF3D2300C4BF9F /* LSP3CreateProfileView.swift in Sources */ = {isa = PBXBuildFile; fileRef = D6A8F1A326EF3D2300C4BF9F /* LSP3CreateProfileView.swift */; };
		D6A8F1AB26EF4A2D00C4BF9F /* ImagePicker.swift in Sources */ = {isa = PBXBuildFile; fileRef = D6A8F1AA26EF4A2D00C4BF9F /* ImagePicker.swift */; };
		D6A8F1AC26EF4A2D00C4BF9F /* ImagePicker.swift in Sources */ = {isa = PBXBuildFile; fileRef = D6A8F1AA26EF4A2D00C4BF9F /* ImagePicker.swift */; };
		D6A8F1AD26EF4A2D00C4BF9F /* ImagePicker.swift in Sources */ = {isa = PBXBuildFile; fileRef = D6A8F1AA26EF4A2D00C4BF9F /* ImagePicker.swift */; };
		D6CB845B26E52AC800D1E991 /* BigInt.framework in Frameworks */ = {isa = PBXBuildFile; fileRef = D68B005026D2D4FC008C9403 /* BigInt.framework */; };
		D6CB845D26E52AC800D1E991 /* CryptoSwift.framework in Frameworks */ = {isa = PBXBuildFile; fileRef = D68B004D26D2D4FC008C9403 /* CryptoSwift.framework */; };
		D6CB845F26E52AC800D1E991 /* PromiseKit.framework in Frameworks */ = {isa = PBXBuildFile; fileRef = D68B005126D2D4FC008C9403 /* PromiseKit.framework */; };
		D6CB846126E52AC800D1E991 /* RxBlocking.framework in Frameworks */ = {isa = PBXBuildFile; fileRef = D68B017726D6532E008C9403 /* RxBlocking.framework */; };
		D6CB846326E52AC800D1E991 /* RxCocoa.framework in Frameworks */ = {isa = PBXBuildFile; fileRef = D68B017526D6532E008C9403 /* RxCocoa.framework */; };
		D6CB846526E52AC800D1E991 /* RxRelay.framework in Frameworks */ = {isa = PBXBuildFile; fileRef = D68B017426D6532E008C9403 /* RxRelay.framework */; };
		D6CB846726E52AC800D1E991 /* RxSwift.framework in Frameworks */ = {isa = PBXBuildFile; fileRef = D68B017826D6532E008C9403 /* RxSwift.framework */; };
		D6CB846926E52AC900D1E991 /* secp256k1.framework in Frameworks */ = {isa = PBXBuildFile; fileRef = D68B004F26D2D4FC008C9403 /* secp256k1.framework */; };
		D6CB846B26E52AC900D1E991 /* SipHash.framework in Frameworks */ = {isa = PBXBuildFile; fileRef = D68B005326D2D4FC008C9403 /* SipHash.framework */; };
		D6CB846D26E52AC900D1E991 /* Starscream.framework in Frameworks */ = {isa = PBXBuildFile; fileRef = D68B005226D2D4FC008C9403 /* Starscream.framework */; };
		D6CB846F26E52AC900D1E991 /* Swinject.framework in Frameworks */ = {isa = PBXBuildFile; fileRef = D68B00B826D4EAA9008C9403 /* Swinject.framework */; };
		D6CB847326E52AC900D1E991 /* web3swift.framework in Frameworks */ = {isa = PBXBuildFile; fileRef = D68B004C26D2D4FC008C9403 /* web3swift.framework */; };
		D6CB847626E52AFF00D1E991 /* Alamofire.framework in Frameworks */ = {isa = PBXBuildFile; fileRef = D68B004E26D2D4FC008C9403 /* Alamofire.framework */; };
		D6CB847726E52AFF00D1E991 /* BigInt.framework in Frameworks */ = {isa = PBXBuildFile; fileRef = D68B005026D2D4FC008C9403 /* BigInt.framework */; };
		D6CB847826E52AFF00D1E991 /* CryptoSwift.framework in Frameworks */ = {isa = PBXBuildFile; fileRef = D68B004D26D2D4FC008C9403 /* CryptoSwift.framework */; };
		D6CB847926E52AFF00D1E991 /* PromiseKit.framework in Frameworks */ = {isa = PBXBuildFile; fileRef = D68B005126D2D4FC008C9403 /* PromiseKit.framework */; };
		D6CB847A26E52AFF00D1E991 /* RxBlocking.framework in Frameworks */ = {isa = PBXBuildFile; fileRef = D68B017726D6532E008C9403 /* RxBlocking.framework */; };
		D6CB847B26E52AFF00D1E991 /* RxCocoa.framework in Frameworks */ = {isa = PBXBuildFile; fileRef = D68B017526D6532E008C9403 /* RxCocoa.framework */; };
		D6CB847C26E52AFF00D1E991 /* RxRelay.framework in Frameworks */ = {isa = PBXBuildFile; fileRef = D68B017426D6532E008C9403 /* RxRelay.framework */; };
		D6CB847D26E52AFF00D1E991 /* RxSwift.framework in Frameworks */ = {isa = PBXBuildFile; fileRef = D68B017826D6532E008C9403 /* RxSwift.framework */; };
		D6CB847E26E52AFF00D1E991 /* RxTest.framework in Frameworks */ = {isa = PBXBuildFile; fileRef = D68B017626D6532E008C9403 /* RxTest.framework */; };
		D6CB847F26E52AFF00D1E991 /* secp256k1.framework in Frameworks */ = {isa = PBXBuildFile; fileRef = D68B004F26D2D4FC008C9403 /* secp256k1.framework */; };
		D6CB848026E52AFF00D1E991 /* SipHash.framework in Frameworks */ = {isa = PBXBuildFile; fileRef = D68B005326D2D4FC008C9403 /* SipHash.framework */; };
		D6CB848126E52AFF00D1E991 /* Starscream.framework in Frameworks */ = {isa = PBXBuildFile; fileRef = D68B005226D2D4FC008C9403 /* Starscream.framework */; };
		D6CB848226E52AFF00D1E991 /* Swinject.framework in Frameworks */ = {isa = PBXBuildFile; fileRef = D68B00B826D4EAA9008C9403 /* Swinject.framework */; };
		D6CB848326E52AFF00D1E991 /* universalprofile_ios_sdk.framework in Frameworks */ = {isa = PBXBuildFile; fileRef = D6789CD526DE67BE00650863 /* universalprofile_ios_sdk.framework */; };
		D6CB848426E52AFF00D1E991 /* web3swift.framework in Frameworks */ = {isa = PBXBuildFile; fileRef = D68B004C26D2D4FC008C9403 /* web3swift.framework */; };
		D6CB848526E52B1D00D1E991 /* Alamofire.framework in Frameworks */ = {isa = PBXBuildFile; fileRef = D68B004E26D2D4FC008C9403 /* Alamofire.framework */; };
		D6CB848626E52B1D00D1E991 /* BigInt.framework in Frameworks */ = {isa = PBXBuildFile; fileRef = D68B005026D2D4FC008C9403 /* BigInt.framework */; };
		D6CB848726E52B1D00D1E991 /* CryptoSwift.framework in Frameworks */ = {isa = PBXBuildFile; fileRef = D68B004D26D2D4FC008C9403 /* CryptoSwift.framework */; };
		D6CB848826E52B1D00D1E991 /* PromiseKit.framework in Frameworks */ = {isa = PBXBuildFile; fileRef = D68B005126D2D4FC008C9403 /* PromiseKit.framework */; };
		D6CB848926E52B1D00D1E991 /* secp256k1.framework in Frameworks */ = {isa = PBXBuildFile; fileRef = D68B004F26D2D4FC008C9403 /* secp256k1.framework */; };
		D6CB848A26E52B1D00D1E991 /* SipHash.framework in Frameworks */ = {isa = PBXBuildFile; fileRef = D68B005326D2D4FC008C9403 /* SipHash.framework */; };
		D6CB848B26E52B1D00D1E991 /* Starscream.framework in Frameworks */ = {isa = PBXBuildFile; fileRef = D68B005226D2D4FC008C9403 /* Starscream.framework */; };
		D6CB848C26E52B1D00D1E991 /* web3swift.framework in Frameworks */ = {isa = PBXBuildFile; fileRef = D68B004C26D2D4FC008C9403 /* web3swift.framework */; };
		D6CB848D26E52E7A00D1E991 /* Alamofire.framework in Frameworks */ = {isa = PBXBuildFile; fileRef = D68B004E26D2D4FC008C9403 /* Alamofire.framework */; };
		D6DCA54226CE50140035CC12 /* UP_SampleApp.swift in Sources */ = {isa = PBXBuildFile; fileRef = D6DCA54126CE50140035CC12 /* UP_SampleApp.swift */; };
		D6DCA54426CE50140035CC12 /* ContentView.swift in Sources */ = {isa = PBXBuildFile; fileRef = D6DCA54326CE50140035CC12 /* ContentView.swift */; };
		D6DCA54626CE50150035CC12 /* Assets.xcassets in Resources */ = {isa = PBXBuildFile; fileRef = D6DCA54526CE50150035CC12 /* Assets.xcassets */; };
		D6DCA54926CE50150035CC12 /* Preview Assets.xcassets in Resources */ = {isa = PBXBuildFile; fileRef = D6DCA54826CE50150035CC12 /* Preview Assets.xcassets */; };
		D6DCA55426CE50150035CC12 /* UP_SampleTests.swift in Sources */ = {isa = PBXBuildFile; fileRef = D6DCA55326CE50150035CC12 /* UP_SampleTests.swift */; };
		D6DCA55F26CE50150035CC12 /* UP_SampleUITests.swift in Sources */ = {isa = PBXBuildFile; fileRef = D6DCA55E26CE50150035CC12 /* UP_SampleUITests.swift */; };
/* End PBXBuildFile section */

/* Begin PBXContainerItemProxy section */
		D66283BD26E8E9C100686119 /* PBXContainerItemProxy */ = {
			isa = PBXContainerItemProxy;
			containerPortal = D662759426E8E9B600686119 /* universalprofile-ios-sdk.xcodeproj */;
			proxyType = 2;
			remoteGlobalIDString = D68B012426D5433A008C9403;
			remoteInfo = "universalprofile-ios-sdk";
		};
		D66283BF26E8E9C100686119 /* PBXContainerItemProxy */ = {
			isa = PBXContainerItemProxy;
			containerPortal = D662759426E8E9B600686119 /* universalprofile-ios-sdk.xcodeproj */;
			proxyType = 2;
			remoteGlobalIDString = D68B012D26D5433B008C9403;
			remoteInfo = "universalprofile-ios-sdkTests";
		};
		D6DCA55026CE50150035CC12 /* PBXContainerItemProxy */ = {
			isa = PBXContainerItemProxy;
			containerPortal = D6DCA53626CE50140035CC12 /* Project object */;
			proxyType = 1;
			remoteGlobalIDString = D6DCA53D26CE50140035CC12;
			remoteInfo = "UP Sample";
		};
		D6DCA55B26CE50150035CC12 /* PBXContainerItemProxy */ = {
			isa = PBXContainerItemProxy;
			containerPortal = D6DCA53626CE50140035CC12 /* Project object */;
			proxyType = 1;
			remoteGlobalIDString = D6DCA53D26CE50140035CC12;
			remoteInfo = "UP Sample";
		};
/* End PBXContainerItemProxy section */

/* Begin PBXFileReference section */
		D601904A26F47F7600F8BC0B /* UIScreen+Extension.swift */ = {isa = PBXFileReference; lastKnownFileType = sourcecode.swift; path = "UIScreen+Extension.swift"; sourceTree = "<group>"; };
		D601905026F4812600F8BC0B /* NeomorphicStyles.swift */ = {isa = PBXFileReference; lastKnownFileType = sourcecode.swift; path = NeomorphicStyles.swift; sourceTree = "<group>"; };
		D601905B26F4CB5600F8BC0B /* ERC725IdentityView.swift */ = {isa = PBXFileReference; lastKnownFileType = sourcecode.swift; path = ERC725IdentityView.swift; sourceTree = "<group>"; };
		D601906026F4CC3B00F8BC0B /* LSP3ProfileSearchView.swift */ = {isa = PBXFileReference; lastKnownFileType = sourcecode.swift; path = LSP3ProfileSearchView.swift; sourceTree = "<group>"; };
		D611D2D726DA334D00C31E3D /* SampleResourceService.swift */ = {isa = PBXFileReference; lastKnownFileType = sourcecode.swift; path = SampleResourceService.swift; sourceTree = "<group>"; };
		D662759426E8E9B600686119 /* universalprofile-ios-sdk.xcodeproj */ = {isa = PBXFileReference; lastKnownFileType = "wrapper.pb-project"; path = "universalprofile-ios-sdk.xcodeproj"; sourceTree = "<group>"; };
		D6629EBD26E9598D00686119 /* LSP3ProfileRepository.swift */ = {isa = PBXFileReference; lastKnownFileType = sourcecode.swift; path = LSP3ProfileRepository.swift; sourceTree = "<group>"; };
		D6629EC126E959D900686119 /* SimpleCache.swift */ = {isa = PBXFileReference; lastKnownFileType = sourcecode.swift; path = SimpleCache.swift; sourceTree = "<group>"; };
		D664A89926F0A2DB00CB7A1F /* NeomorphicButtonStyle.swift */ = {isa = PBXFileReference; lastKnownFileType = sourcecode.swift; path = NeomorphicButtonStyle.swift; sourceTree = "<group>"; };
		D664A89F26F0A2EF00CB7A1F /* Color+Extension.swift */ = {isa = PBXFileReference; lastKnownFileType = sourcecode.swift; path = "Color+Extension.swift"; sourceTree = "<group>"; };
		D664A8A326F0A30C00CB7A1F /* LinearGradient+Extension.swift */ = {isa = PBXFileReference; lastKnownFileType = sourcecode.swift; path = "LinearGradient+Extension.swift"; sourceTree = "<group>"; };
		D664A8A726F0A63D00CB7A1F /* ImageLoader.swift */ = {isa = PBXFileReference; lastKnownFileType = sourcecode.swift; path = ImageLoader.swift; sourceTree = "<group>"; };
		D6782A5F26CF97F2007737C5 /* AppError.swift */ = {isa = PBXFileReference; lastKnownFileType = sourcecode.swift; path = AppError.swift; sourceTree = "<group>"; };
		D6789CD526DE67BE00650863 /* universalprofile_ios_sdk.framework */ = {isa = PBXFileReference; lastKnownFileType = wrapper.framework; name = universalprofile_ios_sdk.framework; path = Carthage/Build/iOS/universalprofile_ios_sdk.framework; sourceTree = "<group>"; };
		D68B004C26D2D4FC008C9403 /* web3swift.framework */ = {isa = PBXFileReference; lastKnownFileType = wrapper.framework; name = web3swift.framework; path = Carthage/Build/iOS/web3swift.framework; sourceTree = "<group>"; };
		D68B004D26D2D4FC008C9403 /* CryptoSwift.framework */ = {isa = PBXFileReference; lastKnownFileType = wrapper.framework; name = CryptoSwift.framework; path = Carthage/Build/iOS/CryptoSwift.framework; sourceTree = "<group>"; };
		D68B004E26D2D4FC008C9403 /* Alamofire.framework */ = {isa = PBXFileReference; lastKnownFileType = wrapper.framework; name = Alamofire.framework; path = Carthage/Build/iOS/Alamofire.framework; sourceTree = "<group>"; };
		D68B004F26D2D4FC008C9403 /* secp256k1.framework */ = {isa = PBXFileReference; lastKnownFileType = wrapper.framework; name = secp256k1.framework; path = Carthage/Build/iOS/secp256k1.framework; sourceTree = "<group>"; };
		D68B005026D2D4FC008C9403 /* BigInt.framework */ = {isa = PBXFileReference; lastKnownFileType = wrapper.framework; name = BigInt.framework; path = Carthage/Build/iOS/BigInt.framework; sourceTree = "<group>"; };
		D68B005126D2D4FC008C9403 /* PromiseKit.framework */ = {isa = PBXFileReference; lastKnownFileType = wrapper.framework; name = PromiseKit.framework; path = Carthage/Build/iOS/PromiseKit.framework; sourceTree = "<group>"; };
		D68B005226D2D4FC008C9403 /* Starscream.framework */ = {isa = PBXFileReference; lastKnownFileType = wrapper.framework; name = Starscream.framework; path = Carthage/Build/iOS/Starscream.framework; sourceTree = "<group>"; };
		D68B005326D2D4FC008C9403 /* SipHash.framework */ = {isa = PBXFileReference; lastKnownFileType = wrapper.framework; name = SipHash.framework; path = Carthage/Build/iOS/SipHash.framework; sourceTree = "<group>"; };
		D68B006526D2DC3D008C9403 /* DependencyInjectorContainer.swift */ = {isa = PBXFileReference; lastKnownFileType = sourcecode.swift; path = DependencyInjectorContainer.swift; sourceTree = "<group>"; };
		D68B006926D2DCEC008C9403 /* Web3KeyStore.swift */ = {isa = PBXFileReference; lastKnownFileType = sourcecode.swift; path = Web3KeyStore.swift; sourceTree = "<group>"; };
		D68B006B26D2DD26008C9403 /* KeyValueStore.swift */ = {isa = PBXFileReference; lastKnownFileType = sourcecode.swift; path = KeyValueStore.swift; sourceTree = "<group>"; };
		D68B006F26D2E3C2008C9403 /* Environments.swift */ = {isa = PBXFileReference; lastKnownFileType = sourcecode.swift; path = Environments.swift; sourceTree = "<group>"; };
		D68B00B026D4CF2F008C9403 /* PasswordStore.swift */ = {isa = PBXFileReference; lastKnownFileType = sourcecode.swift; path = PasswordStore.swift; sourceTree = "<group>"; };
		D68B00B426D4EA70008C9403 /* Cartfile */ = {isa = PBXFileReference; fileEncoding = 4; lastKnownFileType = text; path = Cartfile; sourceTree = "<group>"; };
		D68B00B626D4EA89008C9403 /* Swinject.framework.dSYM */ = {isa = PBXFileReference; lastKnownFileType = wrapper.dsym; name = Swinject.framework.dSYM; path = Carthage/Build/iOS/Swinject.framework.dSYM; sourceTree = "<group>"; };
		D68B00B826D4EAA9008C9403 /* Swinject.framework */ = {isa = PBXFileReference; lastKnownFileType = wrapper.framework; name = Swinject.framework; path = Carthage/Build/iOS/Swinject.framework; sourceTree = "<group>"; };
		D68B00CA26D4F505008C9403 /* SampleResourceServiceImpl.swift */ = {isa = PBXFileReference; lastKnownFileType = sourcecode.swift; path = SampleResourceServiceImpl.swift; sourceTree = "<group>"; };
		D68B014C26D621C0008C9403 /* BCryptSwift.swift */ = {isa = PBXFileReference; lastKnownFileType = sourcecode.swift; path = BCryptSwift.swift; sourceTree = "<group>"; };
		D68B015026D621E2008C9403 /* BCryptSwiftRandom.swift */ = {isa = PBXFileReference; lastKnownFileType = sourcecode.swift; path = BCryptSwiftRandom.swift; sourceTree = "<group>"; };
		D68B015526D627DA008C9403 /* SignInUseCase.swift */ = {isa = PBXFileReference; lastKnownFileType = sourcecode.swift; path = SignInUseCase.swift; sourceTree = "<group>"; };
		D68B015A26D63149008C9403 /* AuthStore.swift */ = {isa = PBXFileReference; lastKnownFileType = sourcecode.swift; path = AuthStore.swift; sourceTree = "<group>"; };
		D68B015E26D634CA008C9403 /* UserAgent.swift */ = {isa = PBXFileReference; lastKnownFileType = sourcecode.swift; path = UserAgent.swift; sourceTree = "<group>"; };
		D68B016226D6365B008C9403 /* UIDevice+Extension.swift */ = {isa = PBXFileReference; lastKnownFileType = sourcecode.swift; path = "UIDevice+Extension.swift"; sourceTree = "<group>"; };
		D68B016626D63714008C9403 /* Date+Extension.swift */ = {isa = PBXFileReference; lastKnownFileType = sourcecode.swift; path = "Date+Extension.swift"; sourceTree = "<group>"; };
		D68B016F26D63C35008C9403 /* IdentityProviderBaseFlowViewModel.swift */ = {isa = PBXFileReference; lastKnownFileType = sourcecode.swift; path = IdentityProviderBaseFlowViewModel.swift; sourceTree = "<group>"; };
		D68B017426D6532E008C9403 /* RxRelay.framework */ = {isa = PBXFileReference; lastKnownFileType = wrapper.framework; name = RxRelay.framework; path = Carthage/Build/iOS/RxRelay.framework; sourceTree = "<group>"; };
		D68B017526D6532E008C9403 /* RxCocoa.framework */ = {isa = PBXFileReference; lastKnownFileType = wrapper.framework; name = RxCocoa.framework; path = Carthage/Build/iOS/RxCocoa.framework; sourceTree = "<group>"; };
		D68B017626D6532E008C9403 /* RxTest.framework */ = {isa = PBXFileReference; lastKnownFileType = wrapper.framework; name = RxTest.framework; path = Carthage/Build/iOS/RxTest.framework; sourceTree = "<group>"; };
		D68B017726D6532E008C9403 /* RxBlocking.framework */ = {isa = PBXFileReference; lastKnownFileType = wrapper.framework; name = RxBlocking.framework; path = Carthage/Build/iOS/RxBlocking.framework; sourceTree = "<group>"; };
		D68B017826D6532E008C9403 /* RxSwift.framework */ = {isa = PBXFileReference; lastKnownFileType = wrapper.framework; name = RxSwift.framework; path = Carthage/Build/iOS/RxSwift.framework; sourceTree = "<group>"; };
		D68B018D26D65572008C9403 /* XCTest.framework */ = {isa = PBXFileReference; lastKnownFileType = wrapper.framework; name = XCTest.framework; path = Platforms/iPhoneOS.platform/Developer/Library/Frameworks/XCTest.framework; sourceTree = DEVELOPER_DIR; };
		D6A8F15C26EB54D000C4BF9F /* LSP3ProfilesListView.swift */ = {isa = PBXFileReference; lastKnownFileType = sourcecode.swift; path = LSP3ProfilesListView.swift; sourceTree = "<group>"; };
		D6A8F15E26EB583D00C4BF9F /* LSP3ProfileListViewModel.swift */ = {isa = PBXFileReference; lastKnownFileType = sourcecode.swift; path = LSP3ProfileListViewModel.swift; sourceTree = "<group>"; };
		D6A8F19326ECA9F000C4BF9F /* carthage-copy-frameworks.xcfilelist */ = {isa = PBXFileReference; lastKnownFileType = text.xcfilelist; path = "carthage-copy-frameworks.xcfilelist"; sourceTree = "<group>"; };
		D6A8F19726EF371100C4BF9F /* LSP3CreateProfileViewModel.swift */ = {isa = PBXFileReference; lastKnownFileType = sourcecode.swift; path = LSP3CreateProfileViewModel.swift; sourceTree = "<group>"; };
		D6A8F19B26EF3C0E00C4BF9F /* LSP3ProfileDetailsViewModel.swift */ = {isa = PBXFileReference; lastKnownFileType = sourcecode.swift; path = LSP3ProfileDetailsViewModel.swift; sourceTree = "<group>"; };
		D6A8F19F26EF3D1500C4BF9F /* LSP3ProfileDetailsView.swift */ = {isa = PBXFileReference; lastKnownFileType = sourcecode.swift; path = LSP3ProfileDetailsView.swift; sourceTree = "<group>"; };
		D6A8F1A326EF3D2300C4BF9F /* LSP3CreateProfileView.swift */ = {isa = PBXFileReference; lastKnownFileType = sourcecode.swift; path = LSP3CreateProfileView.swift; sourceTree = "<group>"; };
		D6A8F1AA26EF4A2D00C4BF9F /* ImagePicker.swift */ = {isa = PBXFileReference; lastKnownFileType = sourcecode.swift; path = ImagePicker.swift; sourceTree = "<group>"; };
		D6DCA53E26CE50140035CC12 /* UP Sample.app */ = {isa = PBXFileReference; explicitFileType = wrapper.application; includeInIndex = 0; path = "UP Sample.app"; sourceTree = BUILT_PRODUCTS_DIR; };
		D6DCA54126CE50140035CC12 /* UP_SampleApp.swift */ = {isa = PBXFileReference; lastKnownFileType = sourcecode.swift; path = UP_SampleApp.swift; sourceTree = "<group>"; };
		D6DCA54326CE50140035CC12 /* ContentView.swift */ = {isa = PBXFileReference; lastKnownFileType = sourcecode.swift; path = ContentView.swift; sourceTree = "<group>"; };
		D6DCA54526CE50150035CC12 /* Assets.xcassets */ = {isa = PBXFileReference; lastKnownFileType = folder.assetcatalog; path = Assets.xcassets; sourceTree = "<group>"; };
		D6DCA54826CE50150035CC12 /* Preview Assets.xcassets */ = {isa = PBXFileReference; lastKnownFileType = folder.assetcatalog; path = "Preview Assets.xcassets"; sourceTree = "<group>"; };
		D6DCA54A26CE50150035CC12 /* Info.plist */ = {isa = PBXFileReference; lastKnownFileType = text.plist.xml; path = Info.plist; sourceTree = "<group>"; };
		D6DCA54F26CE50150035CC12 /* UP SampleTests.xctest */ = {isa = PBXFileReference; explicitFileType = wrapper.cfbundle; includeInIndex = 0; path = "UP SampleTests.xctest"; sourceTree = BUILT_PRODUCTS_DIR; };
		D6DCA55326CE50150035CC12 /* UP_SampleTests.swift */ = {isa = PBXFileReference; lastKnownFileType = sourcecode.swift; path = UP_SampleTests.swift; sourceTree = "<group>"; };
		D6DCA55526CE50150035CC12 /* Info.plist */ = {isa = PBXFileReference; lastKnownFileType = text.plist.xml; path = Info.plist; sourceTree = "<group>"; };
		D6DCA55A26CE50150035CC12 /* UP SampleUITests.xctest */ = {isa = PBXFileReference; explicitFileType = wrapper.cfbundle; includeInIndex = 0; path = "UP SampleUITests.xctest"; sourceTree = BUILT_PRODUCTS_DIR; };
		D6DCA55E26CE50150035CC12 /* UP_SampleUITests.swift */ = {isa = PBXFileReference; lastKnownFileType = sourcecode.swift; path = UP_SampleUITests.swift; sourceTree = "<group>"; };
		D6DCA56026CE50150035CC12 /* Info.plist */ = {isa = PBXFileReference; lastKnownFileType = text.plist.xml; path = Info.plist; sourceTree = "<group>"; };
		D6DCA56C26CE507F0035CC12 /* README.md */ = {isa = PBXFileReference; fileEncoding = 4; lastKnownFileType = net.daringfireball.markdown; path = README.md; sourceTree = "<group>"; };
/* End PBXFileReference section */

/* Begin PBXFrameworksBuildPhase section */
		D6DCA53B26CE50140035CC12 /* Frameworks */ = {
			isa = PBXFrameworksBuildPhase;
			buildActionMask = 2147483647;
			files = (
				D6CB847326E52AC900D1E991 /* web3swift.framework in Frameworks */,
				D664A8AE26F0CA7D00CB7A1F /* universalprofile_ios_sdk.framework in Frameworks */,
				D6CB846326E52AC800D1E991 /* RxCocoa.framework in Frameworks */,
				D6CB845D26E52AC800D1E991 /* CryptoSwift.framework in Frameworks */,
				D6CB846126E52AC800D1E991 /* RxBlocking.framework in Frameworks */,
				D601905626F4AD9000F8BC0B /* OrderedCollections in Frameworks */,
				D6CB846D26E52AC900D1E991 /* Starscream.framework in Frameworks */,
				D6CB846726E52AC800D1E991 /* RxSwift.framework in Frameworks */,
				D6CB846526E52AC800D1E991 /* RxRelay.framework in Frameworks */,
				D6CB845B26E52AC800D1E991 /* BigInt.framework in Frameworks */,
				D601905826F4AD9000F8BC0B /* Collections in Frameworks */,
				D6CB846B26E52AC900D1E991 /* SipHash.framework in Frameworks */,
				D6CB846F26E52AC900D1E991 /* Swinject.framework in Frameworks */,
				D6CB848D26E52E7A00D1E991 /* Alamofire.framework in Frameworks */,
				D601905A26F4AD9000F8BC0B /* DequeModule in Frameworks */,
				D6CB846926E52AC900D1E991 /* secp256k1.framework in Frameworks */,
				D6CB845F26E52AC800D1E991 /* PromiseKit.framework in Frameworks */,
			);
			runOnlyForDeploymentPostprocessing = 0;
		};
		D6DCA54C26CE50150035CC12 /* Frameworks */ = {
			isa = PBXFrameworksBuildPhase;
			buildActionMask = 2147483647;
			files = (
				D6CB848526E52B1D00D1E991 /* Alamofire.framework in Frameworks */,
				D6CB848626E52B1D00D1E991 /* BigInt.framework in Frameworks */,
				D6CB848726E52B1D00D1E991 /* CryptoSwift.framework in Frameworks */,
				D6CB848826E52B1D00D1E991 /* PromiseKit.framework in Frameworks */,
				D6CB848926E52B1D00D1E991 /* secp256k1.framework in Frameworks */,
				D6CB848A26E52B1D00D1E991 /* SipHash.framework in Frameworks */,
				D6CB848B26E52B1D00D1E991 /* Starscream.framework in Frameworks */,
				D6CB848C26E52B1D00D1E991 /* web3swift.framework in Frameworks */,
				D6789CD826DE67DF00650863 /* universalprofile_ios_sdk.framework in Frameworks */,
				D68B019026D6557E008C9403 /* XCTest.framework in Frameworks */,
				D68B018326D653A5008C9403 /* RxBlocking.framework in Frameworks */,
				D68B018426D653A5008C9403 /* RxCocoa.framework in Frameworks */,
				D68B018526D653A5008C9403 /* RxRelay.framework in Frameworks */,
				D68B018626D653A5008C9403 /* RxSwift.framework in Frameworks */,
				D68B018726D653A5008C9403 /* RxTest.framework in Frameworks */,
				D68B00B926D4EAA9008C9403 /* Swinject.framework in Frameworks */,
			);
			runOnlyForDeploymentPostprocessing = 0;
		};
		D6DCA55726CE50150035CC12 /* Frameworks */ = {
			isa = PBXFrameworksBuildPhase;
			buildActionMask = 2147483647;
			files = (
				D6CB847626E52AFF00D1E991 /* Alamofire.framework in Frameworks */,
				D6CB847726E52AFF00D1E991 /* BigInt.framework in Frameworks */,
				D6CB847826E52AFF00D1E991 /* CryptoSwift.framework in Frameworks */,
				D6CB847926E52AFF00D1E991 /* PromiseKit.framework in Frameworks */,
				D6CB847A26E52AFF00D1E991 /* RxBlocking.framework in Frameworks */,
				D6CB847B26E52AFF00D1E991 /* RxCocoa.framework in Frameworks */,
				D6CB847C26E52AFF00D1E991 /* RxRelay.framework in Frameworks */,
				D6CB847D26E52AFF00D1E991 /* RxSwift.framework in Frameworks */,
				D6CB847E26E52AFF00D1E991 /* RxTest.framework in Frameworks */,
				D6CB847F26E52AFF00D1E991 /* secp256k1.framework in Frameworks */,
				D6CB848026E52AFF00D1E991 /* SipHash.framework in Frameworks */,
				D6CB848126E52AFF00D1E991 /* Starscream.framework in Frameworks */,
				D6CB848226E52AFF00D1E991 /* Swinject.framework in Frameworks */,
				D6CB848326E52AFF00D1E991 /* universalprofile_ios_sdk.framework in Frameworks */,
				D6CB848426E52AFF00D1E991 /* web3swift.framework in Frameworks */,
			);
			runOnlyForDeploymentPostprocessing = 0;
		};
/* End PBXFrameworksBuildPhase section */

/* Begin PBXGroup section */
		D601905F26F4CBCC00F8BC0B /* view */ = {
			isa = PBXGroup;
			children = (
				D6DCA54326CE50140035CC12 /* ContentView.swift */,
				D6A8F15C26EB54D000C4BF9F /* LSP3ProfilesListView.swift */,
				D6A8F1A326EF3D2300C4BF9F /* LSP3CreateProfileView.swift */,
				D6A8F19F26EF3D1500C4BF9F /* LSP3ProfileDetailsView.swift */,
				D601905B26F4CB5600F8BC0B /* ERC725IdentityView.swift */,
				D601906026F4CC3B00F8BC0B /* LSP3ProfileSearchView.swift */,
			);
			path = view;
			sourceTree = "<group>";
		};
		D662758926E8E9B600686119 /* universalprofile-ios-sdk */ = {
			isa = PBXGroup;
			children = (
				D662759426E8E9B600686119 /* universalprofile-ios-sdk.xcodeproj */,
			);
			name = "universalprofile-ios-sdk";
			path = "../../universalprofile-ios-sdk";
			sourceTree = "<group>";
		};
		D662759526E8E9B600686119 /* Products */ = {
			isa = PBXGroup;
			children = (
				D66283BE26E8E9C100686119 /* universalprofile_ios_sdk.framework */,
				D66283C026E8E9C100686119 /* universalprofile-ios-sdkTests.xctest */,
			);
			name = Products;
			sourceTree = "<group>";
		};
		D6629EBC26E9596C00686119 /* repositories */ = {
			isa = PBXGroup;
			children = (
				D6629EBD26E9598D00686119 /* LSP3ProfileRepository.swift */,
				D6629EC126E959D900686119 /* SimpleCache.swift */,
			);
			path = repositories;
			sourceTree = "<group>";
		};
		D6782A5E26CF97C1007737C5 /* common */ = {
			isa = PBXGroup;
			children = (
				D6782A5F26CF97F2007737C5 /* AppError.swift */,
				D68B016226D6365B008C9403 /* UIDevice+Extension.swift */,
				D68B016626D63714008C9403 /* Date+Extension.swift */,
				D664A89926F0A2DB00CB7A1F /* NeomorphicButtonStyle.swift */,
				D664A89F26F0A2EF00CB7A1F /* Color+Extension.swift */,
				D664A8A326F0A30C00CB7A1F /* LinearGradient+Extension.swift */,
				D664A8A726F0A63D00CB7A1F /* ImageLoader.swift */,
				D601904A26F47F7600F8BC0B /* UIScreen+Extension.swift */,
				D601905026F4812600F8BC0B /* NeomorphicStyles.swift */,
			);
			path = common;
			sourceTree = "<group>";
		};
		D68B004B26D2D4FC008C9403 /* Frameworks */ = {
			isa = PBXGroup;
			children = (
				D6789CD526DE67BE00650863 /* universalprofile_ios_sdk.framework */,
				D68B018D26D65572008C9403 /* XCTest.framework */,
				D68B017726D6532E008C9403 /* RxBlocking.framework */,
				D68B017526D6532E008C9403 /* RxCocoa.framework */,
				D68B017426D6532E008C9403 /* RxRelay.framework */,
				D68B017826D6532E008C9403 /* RxSwift.framework */,
				D68B017626D6532E008C9403 /* RxTest.framework */,
				D68B00B826D4EAA9008C9403 /* Swinject.framework */,
				D68B00B626D4EA89008C9403 /* Swinject.framework.dSYM */,
				D68B004E26D2D4FC008C9403 /* Alamofire.framework */,
				D68B005026D2D4FC008C9403 /* BigInt.framework */,
				D68B004D26D2D4FC008C9403 /* CryptoSwift.framework */,
				D68B005126D2D4FC008C9403 /* PromiseKit.framework */,
				D68B004F26D2D4FC008C9403 /* secp256k1.framework */,
				D68B005326D2D4FC008C9403 /* SipHash.framework */,
				D68B005226D2D4FC008C9403 /* Starscream.framework */,
				D68B004C26D2D4FC008C9403 /* web3swift.framework */,
			);
			name = Frameworks;
			sourceTree = "<group>";
		};
		D68B006726D2DCD6008C9403 /* data */ = {
			isa = PBXGroup;
			children = (
				D6629EBC26E9596C00686119 /* repositories */,
				D68B015426D627CF008C9403 /* usecase */,
				D68B00C526D4F414008C9403 /* api */,
				D68B006826D2DCDC008C9403 /* web3 */,
				D68B006B26D2DD26008C9403 /* KeyValueStore.swift */,
				D68B006F26D2E3C2008C9403 /* Environments.swift */,
			);
			path = data;
			sourceTree = "<group>";
		};
		D68B006826D2DCDC008C9403 /* web3 */ = {
			isa = PBXGroup;
			children = (
				D68B006926D2DCEC008C9403 /* Web3KeyStore.swift */,
				D68B00B026D4CF2F008C9403 /* PasswordStore.swift */,
			);
			path = web3;
			sourceTree = "<group>";
		};
		D68B00C526D4F414008C9403 /* api */ = {
			isa = PBXGroup;
			children = (
				D68B015926D63142008C9403 /* utils */,
				D68B00CA26D4F505008C9403 /* SampleResourceServiceImpl.swift */,
				D611D2D726DA334D00C31E3D /* SampleResourceService.swift */,
			);
			path = api;
			sourceTree = "<group>";
		};
		D68B014B26D621AD008C9403 /* BCrypt */ = {
			isa = PBXGroup;
			children = (
				D68B014C26D621C0008C9403 /* BCryptSwift.swift */,
				D68B015026D621E2008C9403 /* BCryptSwiftRandom.swift */,
			);
			path = BCrypt;
			sourceTree = "<group>";
		};
		D68B015426D627CF008C9403 /* usecase */ = {
			isa = PBXGroup;
			children = (
				D68B015526D627DA008C9403 /* SignInUseCase.swift */,
			);
			path = usecase;
			sourceTree = "<group>";
		};
		D68B015926D63142008C9403 /* utils */ = {
			isa = PBXGroup;
			children = (
				D68B015A26D63149008C9403 /* AuthStore.swift */,
				D68B015E26D634CA008C9403 /* UserAgent.swift */,
			);
			path = utils;
			sourceTree = "<group>";
		};
		D68B016E26D63C2C008C9403 /* viewmodel */ = {
			isa = PBXGroup;
			children = (
				D68B016F26D63C35008C9403 /* IdentityProviderBaseFlowViewModel.swift */,
				D6A8F15E26EB583D00C4BF9F /* LSP3ProfileListViewModel.swift */,
				D6A8F19726EF371100C4BF9F /* LSP3CreateProfileViewModel.swift */,
				D6A8F19B26EF3C0E00C4BF9F /* LSP3ProfileDetailsViewModel.swift */,
			);
			path = viewmodel;
			sourceTree = "<group>";
		};
		D6DCA53526CE50140035CC12 = {
			isa = PBXGroup;
			children = (
				D662758926E8E9B600686119 /* universalprofile-ios-sdk */,
				D68B014B26D621AD008C9403 /* BCrypt */,
				D6DCA54026CE50140035CC12 /* UP Sample */,
				D6DCA55226CE50150035CC12 /* UP SampleTests */,
				D6DCA55D26CE50150035CC12 /* UP SampleUITests */,
				D6DCA53F26CE50140035CC12 /* Products */,
				D68B004B26D2D4FC008C9403 /* Frameworks */,
				D6A8F19326ECA9F000C4BF9F /* carthage-copy-frameworks.xcfilelist */,
				D68B00B426D4EA70008C9403 /* Cartfile */,
				D6DCA56C26CE507F0035CC12 /* README.md */,
			);
			sourceTree = "<group>";
		};
		D6DCA53F26CE50140035CC12 /* Products */ = {
			isa = PBXGroup;
			children = (
				D6DCA53E26CE50140035CC12 /* UP Sample.app */,
				D6DCA54F26CE50150035CC12 /* UP SampleTests.xctest */,
				D6DCA55A26CE50150035CC12 /* UP SampleUITests.xctest */,
			);
			name = Products;
			sourceTree = "<group>";
		};
		D6DCA54026CE50140035CC12 /* UP Sample */ = {
			isa = PBXGroup;
			children = (
				D601905F26F4CBCC00F8BC0B /* view */,
				D68B016E26D63C2C008C9403 /* viewmodel */,
				D68B006726D2DCD6008C9403 /* data */,
				D6782A5E26CF97C1007737C5 /* common */,
				D6A8F1AA26EF4A2D00C4BF9F /* ImagePicker.swift */,
				D6DCA54126CE50140035CC12 /* UP_SampleApp.swift */,
				D68B006526D2DC3D008C9403 /* DependencyInjectorContainer.swift */,
				D6DCA54526CE50150035CC12 /* Assets.xcassets */,
				D6DCA54A26CE50150035CC12 /* Info.plist */,
				D6DCA54726CE50150035CC12 /* Preview Content */,
			);
			path = "UP Sample";
			sourceTree = "<group>";
		};
		D6DCA54726CE50150035CC12 /* Preview Content */ = {
			isa = PBXGroup;
			children = (
				D6DCA54826CE50150035CC12 /* Preview Assets.xcassets */,
			);
			path = "Preview Content";
			sourceTree = "<group>";
		};
		D6DCA55226CE50150035CC12 /* UP SampleTests */ = {
			isa = PBXGroup;
			children = (
				D6DCA55326CE50150035CC12 /* UP_SampleTests.swift */,
				D6DCA55526CE50150035CC12 /* Info.plist */,
			);
			path = "UP SampleTests";
			sourceTree = "<group>";
		};
		D6DCA55D26CE50150035CC12 /* UP SampleUITests */ = {
			isa = PBXGroup;
			children = (
				D6DCA55E26CE50150035CC12 /* UP_SampleUITests.swift */,
				D6DCA56026CE50150035CC12 /* Info.plist */,
			);
			path = "UP SampleUITests";
			sourceTree = "<group>";
		};
/* End PBXGroup section */

/* Begin PBXNativeTarget section */
		D6DCA53D26CE50140035CC12 /* UP Sample */ = {
			isa = PBXNativeTarget;
			buildConfigurationList = D6DCA56326CE50150035CC12 /* Build configuration list for PBXNativeTarget "UP Sample" */;
			buildPhases = (
				D6DCA53A26CE50140035CC12 /* Sources */,
				D6DCA53B26CE50140035CC12 /* Frameworks */,
				D6DCA53C26CE50140035CC12 /* Resources */,
				D68B004A26D2D3EA008C9403 /* ShellScript */,
				D6CB845426E218E900D1E991 /* ShellScript */,
			);
			buildRules = (
			);
			dependencies = (
			);
			name = "UP Sample";
			packageProductDependencies = (
				D601905526F4AD9000F8BC0B /* OrderedCollections */,
				D601905726F4AD9000F8BC0B /* Collections */,
				D601905926F4AD9000F8BC0B /* DequeModule */,
			);
			productName = "UP Sample";
			productReference = D6DCA53E26CE50140035CC12 /* UP Sample.app */;
			productType = "com.apple.product-type.application";
		};
		D6DCA54E26CE50150035CC12 /* UP SampleTests */ = {
			isa = PBXNativeTarget;
			buildConfigurationList = D6DCA56626CE50150035CC12 /* Build configuration list for PBXNativeTarget "UP SampleTests" */;
			buildPhases = (
				D6DCA54B26CE50150035CC12 /* Sources */,
				D6DCA54C26CE50150035CC12 /* Frameworks */,
				D6DCA54D26CE50150035CC12 /* Resources */,
				D68B009C26D39AF3008C9403 /* ShellScript */,
			);
			buildRules = (
			);
			dependencies = (
				D6DCA55126CE50150035CC12 /* PBXTargetDependency */,
			);
			name = "UP SampleTests";
			productName = "UP SampleTests";
			productReference = D6DCA54F26CE50150035CC12 /* UP SampleTests.xctest */;
			productType = "com.apple.product-type.bundle.unit-test";
		};
		D6DCA55926CE50150035CC12 /* UP SampleUITests */ = {
			isa = PBXNativeTarget;
			buildConfigurationList = D6DCA56926CE50150035CC12 /* Build configuration list for PBXNativeTarget "UP SampleUITests" */;
			buildPhases = (
				D6DCA55626CE50150035CC12 /* Sources */,
				D6DCA55726CE50150035CC12 /* Frameworks */,
				D6DCA55826CE50150035CC12 /* Resources */,
				D68B009D26D39CA1008C9403 /* ShellScript */,
			);
			buildRules = (
			);
			dependencies = (
				D6DCA55C26CE50150035CC12 /* PBXTargetDependency */,
			);
			name = "UP SampleUITests";
			productName = "UP SampleUITests";
			productReference = D6DCA55A26CE50150035CC12 /* UP SampleUITests.xctest */;
			productType = "com.apple.product-type.bundle.ui-testing";
		};
/* End PBXNativeTarget section */

/* Begin PBXProject section */
		D6DCA53626CE50140035CC12 /* Project object */ = {
			isa = PBXProject;
			attributes = {
				LastSwiftUpdateCheck = 1250;
				LastUpgradeCheck = 1250;
				TargetAttributes = {
					D6DCA53D26CE50140035CC12 = {
						CreatedOnToolsVersion = 12.5.1;
					};
					D6DCA54E26CE50150035CC12 = {
						CreatedOnToolsVersion = 12.5.1;
						TestTargetID = D6DCA53D26CE50140035CC12;
					};
					D6DCA55926CE50150035CC12 = {
						CreatedOnToolsVersion = 12.5.1;
						TestTargetID = D6DCA53D26CE50140035CC12;
					};
				};
			};
			buildConfigurationList = D6DCA53926CE50140035CC12 /* Build configuration list for PBXProject "UP Sample" */;
			compatibilityVersion = "Xcode 9.3";
			developmentRegion = en;
			hasScannedForEncodings = 0;
			knownRegions = (
				en,
				Base,
			);
			mainGroup = D6DCA53526CE50140035CC12;
			packageReferences = (
				D601905426F4AD9000F8BC0B /* XCRemoteSwiftPackageReference "swift-collections" */,
			);
			productRefGroup = D6DCA53F26CE50140035CC12 /* Products */;
			projectDirPath = "";
			projectReferences = (
				{
					ProductGroup = D662759526E8E9B600686119 /* Products */;
					ProjectRef = D662759426E8E9B600686119 /* universalprofile-ios-sdk.xcodeproj */;
				},
			);
			projectRoot = "";
			targets = (
				D6DCA53D26CE50140035CC12 /* UP Sample */,
				D6DCA54E26CE50150035CC12 /* UP SampleTests */,
				D6DCA55926CE50150035CC12 /* UP SampleUITests */,
			);
		};
/* End PBXProject section */

/* Begin PBXReferenceProxy section */
		D66283BE26E8E9C100686119 /* universalprofile_ios_sdk.framework */ = {
			isa = PBXReferenceProxy;
			fileType = wrapper.framework;
			path = universalprofile_ios_sdk.framework;
			remoteRef = D66283BD26E8E9C100686119 /* PBXContainerItemProxy */;
			sourceTree = BUILT_PRODUCTS_DIR;
		};
		D66283C026E8E9C100686119 /* universalprofile-ios-sdkTests.xctest */ = {
			isa = PBXReferenceProxy;
			fileType = wrapper.cfbundle;
			path = "universalprofile-ios-sdkTests.xctest";
			remoteRef = D66283BF26E8E9C100686119 /* PBXContainerItemProxy */;
			sourceTree = BUILT_PRODUCTS_DIR;
		};
/* End PBXReferenceProxy section */

/* Begin PBXResourcesBuildPhase section */
		D6DCA53C26CE50140035CC12 /* Resources */ = {
			isa = PBXResourcesBuildPhase;
			buildActionMask = 2147483647;
			files = (
				D6DCA54926CE50150035CC12 /* Preview Assets.xcassets in Resources */,
				D6DCA54626CE50150035CC12 /* Assets.xcassets in Resources */,
			);
			runOnlyForDeploymentPostprocessing = 0;
		};
		D6DCA54D26CE50150035CC12 /* Resources */ = {
			isa = PBXResourcesBuildPhase;
			buildActionMask = 2147483647;
			files = (
			);
			runOnlyForDeploymentPostprocessing = 0;
		};
		D6DCA55826CE50150035CC12 /* Resources */ = {
			isa = PBXResourcesBuildPhase;
			buildActionMask = 2147483647;
			files = (
			);
			runOnlyForDeploymentPostprocessing = 0;
		};
/* End PBXResourcesBuildPhase section */

/* Begin PBXShellScriptBuildPhase section */
		D68B004A26D2D3EA008C9403 /* ShellScript */ = {
			isa = PBXShellScriptBuildPhase;
			buildActionMask = 2147483647;
			files = (
			);
			inputFileListPaths = (
				"$(SRCROOT)/carthage-copy-frameworks.xcfilelist",
			);
			inputPaths = (
			);
			outputFileListPaths = (
			);
			outputPaths = (
			);
			runOnlyForDeploymentPostprocessing = 0;
			shellPath = /bin/sh;
			shellScript = "# Type a script or drag a script file from your workspace to insert its path.\n/usr/local/bin/carthage copy-frameworks\n";
		};
		D68B009C26D39AF3008C9403 /* ShellScript */ = {
			isa = PBXShellScriptBuildPhase;
			buildActionMask = 2147483647;
			files = (
			);
			inputFileListPaths = (
				"$(SRCROOT)/carthage-copy-frameworks.xcfilelist",
			);
			inputPaths = (
				"$(SRCROOT)/Carthage/Build/iOS/RxTest.framework",
			);
			outputFileListPaths = (
			);
			outputPaths = (
			);
			runOnlyForDeploymentPostprocessing = 0;
			shellPath = /bin/sh;
			shellScript = "# Type a script or drag a script file from your workspace to insert its path.\n/usr/local/bin/carthage copy-frameworks\n";
		};
		D68B009D26D39CA1008C9403 /* ShellScript */ = {
			isa = PBXShellScriptBuildPhase;
			buildActionMask = 2147483647;
			files = (
			);
			inputFileListPaths = (
				"$(SRCROOT)/carthage-copy-frameworks.xcfilelist",
			);
			inputPaths = (
				"$(SRCROOT)/Carthage/Build/iOS/RxTest.framework",
			);
			outputFileListPaths = (
			);
			outputPaths = (
			);
			runOnlyForDeploymentPostprocessing = 0;
			shellPath = /bin/sh;
			shellScript = "# Type a script or drag a script file from your workspace to insert its path.\n/usr/local/bin/carthage copy-frameworks\n";
		};
		D6CB845426E218E900D1E991 /* ShellScript */ = {
			isa = PBXShellScriptBuildPhase;
			buildActionMask = 2147483647;
			files = (
			);
			inputFileListPaths = (
			);
			inputPaths = (
				"$(SRCROOT)/Carthage/Build/iOS/Alamofire.framework",
			);
			outputFileListPaths = (
			);
			outputPaths = (
			);
			runOnlyForDeploymentPostprocessing = 0;
			shellPath = /bin/sh;
			shellScript = "# skip if we run in debug\nif [ \"$CONFIGURATION\" == \"Debug\" ]; then\n    echo \"Skip frameworks cleaning in debug version\"\n    exit 0\nfi\n\nAPP_PATH=\"${TARGET_BUILD_DIR}/${WRAPPER_NAME}\"\n\n# This script loops through the frameworks embedded in the application and\n# removes unused architectures.\nfind \"$APP_PATH\" -name '*.framework' -type d | while read -r FRAMEWORK\ndo\nFRAMEWORK_EXECUTABLE_NAME=$(defaults read \"$FRAMEWORK/Info.plist\" CFBundleExecutable)\nFRAMEWORK_EXECUTABLE_PATH=\"$FRAMEWORK/$FRAMEWORK_EXECUTABLE_NAME\"\necho \"Executable is $FRAMEWORK_EXECUTABLE_PATH\"\n\nEXTRACTED_ARCHS=()\n\nfor ARCH in $ARCHS\ndo\necho \"Extracting $ARCH from $FRAMEWORK_EXECUTABLE_NAME\"\nlipo -extract \"$ARCH\" \"$FRAMEWORK_EXECUTABLE_PATH\" -o \"$FRAMEWORK_EXECUTABLE_PATH-$ARCH\"\nEXTRACTED_ARCHS+=(\"$FRAMEWORK_EXECUTABLE_PATH-$ARCH\")\ndone\n\necho \"Merging extracted architectures: ${ARCHS}\"\nlipo -o \"$FRAMEWORK_EXECUTABLE_PATH-merged\" -create \"${EXTRACTED_ARCHS[@]}\"\nrm \"${EXTRACTED_ARCHS[@]}\"\n\necho \"Replacing original executable with thinned version\"\nrm \"$FRAMEWORK_EXECUTABLE_PATH\"\nmv \"$FRAMEWORK_EXECUTABLE_PATH-merged\" \"$FRAMEWORK_EXECUTABLE_PATH\"\n\ndone\n";
		};
/* End PBXShellScriptBuildPhase section */

/* Begin PBXSourcesBuildPhase section */
		D6DCA53A26CE50140035CC12 /* Sources */ = {
			isa = PBXSourcesBuildPhase;
			buildActionMask = 2147483647;
			files = (
				D6A8F1A026EF3D1500C4BF9F /* LSP3ProfileDetailsView.swift in Sources */,
				D664A8A026F0A2EF00CB7A1F /* Color+Extension.swift in Sources */,
				D68B006626D2DC3D008C9403 /* DependencyInjectorContainer.swift in Sources */,
				D68B015B26D63149008C9403 /* AuthStore.swift in Sources */,
				D611D2D826DA334D00C31E3D /* SampleResourceService.swift in Sources */,
				D68B00CB26D4F505008C9403 /* SampleResourceServiceImpl.swift in Sources */,
				D664A8A826F0A63D00CB7A1F /* ImageLoader.swift in Sources */,
				D68B016726D63714008C9403 /* Date+Extension.swift in Sources */,
				D68B014D26D621C0008C9403 /* BCryptSwift.swift in Sources */,
				D6A8F1A426EF3D2300C4BF9F /* LSP3CreateProfileView.swift in Sources */,
				D6A8F15D26EB54D000C4BF9F /* LSP3ProfilesListView.swift in Sources */,
				D664A89A26F0A2DB00CB7A1F /* NeomorphicButtonStyle.swift in Sources */,
				D68B015F26D634CA008C9403 /* UserAgent.swift in Sources */,
				D6DCA54426CE50140035CC12 /* ContentView.swift in Sources */,
				D601904B26F47F7600F8BC0B /* UIScreen+Extension.swift in Sources */,
				D68B015626D627DA008C9403 /* SignInUseCase.swift in Sources */,
				D6A8F19826EF371100C4BF9F /* LSP3CreateProfileViewModel.swift in Sources */,
				D68B017026D63C35008C9403 /* IdentityProviderBaseFlowViewModel.swift in Sources */,
				D68B016326D6365B008C9403 /* UIDevice+Extension.swift in Sources */,
				D6A8F15F26EB583D00C4BF9F /* LSP3ProfileListViewModel.swift in Sources */,
				D601906126F4CC3B00F8BC0B /* LSP3ProfileSearchView.swift in Sources */,
				D6A8F1AB26EF4A2D00C4BF9F /* ImagePicker.swift in Sources */,
				D601905126F4812600F8BC0B /* NeomorphicStyles.swift in Sources */,
				D68B015126D621E2008C9403 /* BCryptSwiftRandom.swift in Sources */,
				D6782A6026CF97F2007737C5 /* AppError.swift in Sources */,
				D6A8F19C26EF3C0E00C4BF9F /* LSP3ProfileDetailsViewModel.swift in Sources */,
				D68B006C26D2DD26008C9403 /* KeyValueStore.swift in Sources */,
				D6DCA54226CE50140035CC12 /* UP_SampleApp.swift in Sources */,
				D68B00B126D4CF30008C9403 /* PasswordStore.swift in Sources */,
				D68B007026D2E3C2008C9403 /* Environments.swift in Sources */,
				D6629EBE26E9598D00686119 /* LSP3ProfileRepository.swift in Sources */,
				D664A8A426F0A30C00CB7A1F /* LinearGradient+Extension.swift in Sources */,
				D601905C26F4CB5600F8BC0B /* ERC725IdentityView.swift in Sources */,
				D6629EC226E959D900686119 /* SimpleCache.swift in Sources */,
				D68B006A26D2DCEC008C9403 /* Web3KeyStore.swift in Sources */,
			);
			runOnlyForDeploymentPostprocessing = 0;
		};
		D6DCA54B26CE50150035CC12 /* Sources */ = {
			isa = PBXSourcesBuildPhase;
			buildActionMask = 2147483647;
			files = (
				D6A8F1A126EF3D1500C4BF9F /* LSP3ProfileDetailsView.swift in Sources */,
				D664A8A126F0A2EF00CB7A1F /* Color+Extension.swift in Sources */,
				D68B008526D39A56008C9403 /* UP_SampleApp.swift in Sources */,
				D68B017126D63C35008C9403 /* IdentityProviderBaseFlowViewModel.swift in Sources */,
				D68B00CC26D4F505008C9403 /* SampleResourceServiceImpl.swift in Sources */,
				D68B008626D39A56008C9403 /* Environments.swift in Sources */,
				D664A8A926F0A63D00CB7A1F /* ImageLoader.swift in Sources */,
				D6629EC326E959D900686119 /* SimpleCache.swift in Sources */,
				D6A8F1A526EF3D2300C4BF9F /* LSP3CreateProfileView.swift in Sources */,
				D68B008A26D39A56008C9403 /* Web3KeyStore.swift in Sources */,
				D664A89B26F0A2DB00CB7A1F /* NeomorphicButtonStyle.swift in Sources */,
				D68B00B226D4CF34008C9403 /* PasswordStore.swift in Sources */,
				D68B015C26D63149008C9403 /* AuthStore.swift in Sources */,
				D601904C26F47F7600F8BC0B /* UIScreen+Extension.swift in Sources */,
				D68B008726D39A56008C9403 /* AppError.swift in Sources */,
				D6A8F19926EF371100C4BF9F /* LSP3CreateProfileViewModel.swift in Sources */,
				D68B014E26D621C0008C9403 /* BCryptSwift.swift in Sources */,
				D6DCA55426CE50150035CC12 /* UP_SampleTests.swift in Sources */,
				D6A8F16026EB583D00C4BF9F /* LSP3ProfileListViewModel.swift in Sources */,
				D601906226F4CC3B00F8BC0B /* LSP3ProfileSearchView.swift in Sources */,
				D6A8F1AC26EF4A2D00C4BF9F /* ImagePicker.swift in Sources */,
				D601905226F4812600F8BC0B /* NeomorphicStyles.swift in Sources */,
				D68B008C26D39A56008C9403 /* ContentView.swift in Sources */,
				D68B015226D621E2008C9403 /* BCryptSwiftRandom.swift in Sources */,
				D6A8F19D26EF3C0E00C4BF9F /* LSP3ProfileDetailsViewModel.swift in Sources */,
				D68B008926D39A56008C9403 /* DependencyInjectorContainer.swift in Sources */,
				D6629EBF26E9598D00686119 /* LSP3ProfileRepository.swift in Sources */,
				D68B016426D6365B008C9403 /* UIDevice+Extension.swift in Sources */,
				D68B016026D634CA008C9403 /* UserAgent.swift in Sources */,
				D68B016826D63714008C9403 /* Date+Extension.swift in Sources */,
				D664A8A526F0A30C00CB7A1F /* LinearGradient+Extension.swift in Sources */,
				D601905D26F4CB5600F8BC0B /* ERC725IdentityView.swift in Sources */,
				D611D2D926DA334D00C31E3D /* SampleResourceService.swift in Sources */,
				D68B008826D39A56008C9403 /* KeyValueStore.swift in Sources */,
				D68B015726D627DA008C9403 /* SignInUseCase.swift in Sources */,
			);
			runOnlyForDeploymentPostprocessing = 0;
		};
		D6DCA55626CE50150035CC12 /* Sources */ = {
			isa = PBXSourcesBuildPhase;
			buildActionMask = 2147483647;
			files = (
				D6A8F1A226EF3D1500C4BF9F /* LSP3ProfileDetailsView.swift in Sources */,
				D664A8A226F0A2EF00CB7A1F /* Color+Extension.swift in Sources */,
				D68B009426D39A58008C9403 /* UP_SampleApp.swift in Sources */,
				D68B017226D63C35008C9403 /* IdentityProviderBaseFlowViewModel.swift in Sources */,
				D68B00CD26D4F505008C9403 /* SampleResourceServiceImpl.swift in Sources */,
				D68B009526D39A58008C9403 /* Environments.swift in Sources */,
				D664A8AA26F0A63D00CB7A1F /* ImageLoader.swift in Sources */,
				D6629EC426E959D900686119 /* SimpleCache.swift in Sources */,
				D6A8F1A626EF3D2300C4BF9F /* LSP3CreateProfileView.swift in Sources */,
				D68B009926D39A58008C9403 /* Web3KeyStore.swift in Sources */,
				D664A89C26F0A2DB00CB7A1F /* NeomorphicButtonStyle.swift in Sources */,
				D68B00B326D4CF34008C9403 /* PasswordStore.swift in Sources */,
				D68B015D26D63149008C9403 /* AuthStore.swift in Sources */,
				D601904D26F47F7600F8BC0B /* UIScreen+Extension.swift in Sources */,
				D68B009626D39A58008C9403 /* AppError.swift in Sources */,
				D6A8F19A26EF371100C4BF9F /* LSP3CreateProfileViewModel.swift in Sources */,
				D68B014F26D621C0008C9403 /* BCryptSwift.swift in Sources */,
				D6DCA55F26CE50150035CC12 /* UP_SampleUITests.swift in Sources */,
				D6A8F16126EB583D00C4BF9F /* LSP3ProfileListViewModel.swift in Sources */,
				D601906326F4CC3B00F8BC0B /* LSP3ProfileSearchView.swift in Sources */,
				D6A8F1AD26EF4A2D00C4BF9F /* ImagePicker.swift in Sources */,
				D601905326F4812600F8BC0B /* NeomorphicStyles.swift in Sources */,
				D68B009B26D39A58008C9403 /* ContentView.swift in Sources */,
				D68B015326D621E2008C9403 /* BCryptSwiftRandom.swift in Sources */,
				D6A8F19E26EF3C0E00C4BF9F /* LSP3ProfileDetailsViewModel.swift in Sources */,
				D68B009826D39A58008C9403 /* DependencyInjectorContainer.swift in Sources */,
				D6629EC026E9598D00686119 /* LSP3ProfileRepository.swift in Sources */,
				D68B016526D6365B008C9403 /* UIDevice+Extension.swift in Sources */,
				D68B016126D634CA008C9403 /* UserAgent.swift in Sources */,
				D68B016926D63714008C9403 /* Date+Extension.swift in Sources */,
				D664A8A626F0A30C00CB7A1F /* LinearGradient+Extension.swift in Sources */,
				D601905E26F4CB5600F8BC0B /* ERC725IdentityView.swift in Sources */,
				D611D2DA26DA334D00C31E3D /* SampleResourceService.swift in Sources */,
				D68B009726D39A58008C9403 /* KeyValueStore.swift in Sources */,
				D68B015826D627DA008C9403 /* SignInUseCase.swift in Sources */,
			);
			runOnlyForDeploymentPostprocessing = 0;
		};
/* End PBXSourcesBuildPhase section */

/* Begin PBXTargetDependency section */
		D6DCA55126CE50150035CC12 /* PBXTargetDependency */ = {
			isa = PBXTargetDependency;
			target = D6DCA53D26CE50140035CC12 /* UP Sample */;
			targetProxy = D6DCA55026CE50150035CC12 /* PBXContainerItemProxy */;
		};
		D6DCA55C26CE50150035CC12 /* PBXTargetDependency */ = {
			isa = PBXTargetDependency;
			target = D6DCA53D26CE50140035CC12 /* UP Sample */;
			targetProxy = D6DCA55B26CE50150035CC12 /* PBXContainerItemProxy */;
		};
/* End PBXTargetDependency section */

/* Begin XCBuildConfiguration section */
		D6DCA56126CE50150035CC12 /* Debug */ = {
			isa = XCBuildConfiguration;
			buildSettings = {
				ALWAYS_SEARCH_USER_PATHS = NO;
				CLANG_ANALYZER_NONNULL = YES;
				CLANG_ANALYZER_NUMBER_OBJECT_CONVERSION = YES_AGGRESSIVE;
				CLANG_CXX_LANGUAGE_STANDARD = "gnu++14";
				CLANG_CXX_LIBRARY = "libc++";
				CLANG_ENABLE_MODULES = YES;
				CLANG_ENABLE_OBJC_ARC = YES;
				CLANG_ENABLE_OBJC_WEAK = YES;
				CLANG_WARN_BLOCK_CAPTURE_AUTORELEASING = YES;
				CLANG_WARN_BOOL_CONVERSION = YES;
				CLANG_WARN_COMMA = YES;
				CLANG_WARN_CONSTANT_CONVERSION = YES;
				CLANG_WARN_DEPRECATED_OBJC_IMPLEMENTATIONS = YES;
				CLANG_WARN_DIRECT_OBJC_ISA_USAGE = YES_ERROR;
				CLANG_WARN_DOCUMENTATION_COMMENTS = YES;
				CLANG_WARN_EMPTY_BODY = YES;
				CLANG_WARN_ENUM_CONVERSION = YES;
				CLANG_WARN_INFINITE_RECURSION = YES;
				CLANG_WARN_INT_CONVERSION = YES;
				CLANG_WARN_NON_LITERAL_NULL_CONVERSION = YES;
				CLANG_WARN_OBJC_IMPLICIT_RETAIN_SELF = YES;
				CLANG_WARN_OBJC_LITERAL_CONVERSION = YES;
				CLANG_WARN_OBJC_ROOT_CLASS = YES_ERROR;
				CLANG_WARN_QUOTED_INCLUDE_IN_FRAMEWORK_HEADER = YES;
				CLANG_WARN_RANGE_LOOP_ANALYSIS = YES;
				CLANG_WARN_STRICT_PROTOTYPES = YES;
				CLANG_WARN_SUSPICIOUS_MOVE = YES;
				CLANG_WARN_UNGUARDED_AVAILABILITY = YES_AGGRESSIVE;
				CLANG_WARN_UNREACHABLE_CODE = YES;
				CLANG_WARN__DUPLICATE_METHOD_MATCH = YES;
				COPY_PHASE_STRIP = NO;
				DEBUG_INFORMATION_FORMAT = dwarf;
				ENABLE_STRICT_OBJC_MSGSEND = YES;
				ENABLE_TESTABILITY = YES;
				GCC_C_LANGUAGE_STANDARD = gnu11;
				GCC_DYNAMIC_NO_PIC = NO;
				GCC_NO_COMMON_BLOCKS = YES;
				GCC_OPTIMIZATION_LEVEL = 0;
				GCC_PREPROCESSOR_DEFINITIONS = (
					"DEBUG=1",
					"$(inherited)",
				);
				GCC_WARN_64_TO_32_BIT_CONVERSION = YES;
				GCC_WARN_ABOUT_RETURN_TYPE = YES_ERROR;
				GCC_WARN_UNDECLARED_SELECTOR = YES;
				GCC_WARN_UNINITIALIZED_AUTOS = YES_AGGRESSIVE;
				GCC_WARN_UNUSED_FUNCTION = YES;
				GCC_WARN_UNUSED_VARIABLE = YES;
				IPHONEOS_DEPLOYMENT_TARGET = 14.5;
				MTL_ENABLE_DEBUG_INFO = INCLUDE_SOURCE;
				MTL_FAST_MATH = YES;
				ONLY_ACTIVE_ARCH = YES;
				SDKROOT = iphoneos;
				SWIFT_ACTIVE_COMPILATION_CONDITIONS = DEBUG;
				SWIFT_OPTIMIZATION_LEVEL = "-Onone";
			};
			name = Debug;
		};
		D6DCA56226CE50150035CC12 /* Release */ = {
			isa = XCBuildConfiguration;
			buildSettings = {
				ALWAYS_SEARCH_USER_PATHS = NO;
				CLANG_ANALYZER_NONNULL = YES;
				CLANG_ANALYZER_NUMBER_OBJECT_CONVERSION = YES_AGGRESSIVE;
				CLANG_CXX_LANGUAGE_STANDARD = "gnu++14";
				CLANG_CXX_LIBRARY = "libc++";
				CLANG_ENABLE_MODULES = YES;
				CLANG_ENABLE_OBJC_ARC = YES;
				CLANG_ENABLE_OBJC_WEAK = YES;
				CLANG_WARN_BLOCK_CAPTURE_AUTORELEASING = YES;
				CLANG_WARN_BOOL_CONVERSION = YES;
				CLANG_WARN_COMMA = YES;
				CLANG_WARN_CONSTANT_CONVERSION = YES;
				CLANG_WARN_DEPRECATED_OBJC_IMPLEMENTATIONS = YES;
				CLANG_WARN_DIRECT_OBJC_ISA_USAGE = YES_ERROR;
				CLANG_WARN_DOCUMENTATION_COMMENTS = YES;
				CLANG_WARN_EMPTY_BODY = YES;
				CLANG_WARN_ENUM_CONVERSION = YES;
				CLANG_WARN_INFINITE_RECURSION = YES;
				CLANG_WARN_INT_CONVERSION = YES;
				CLANG_WARN_NON_LITERAL_NULL_CONVERSION = YES;
				CLANG_WARN_OBJC_IMPLICIT_RETAIN_SELF = YES;
				CLANG_WARN_OBJC_LITERAL_CONVERSION = YES;
				CLANG_WARN_OBJC_ROOT_CLASS = YES_ERROR;
				CLANG_WARN_QUOTED_INCLUDE_IN_FRAMEWORK_HEADER = YES;
				CLANG_WARN_RANGE_LOOP_ANALYSIS = YES;
				CLANG_WARN_STRICT_PROTOTYPES = YES;
				CLANG_WARN_SUSPICIOUS_MOVE = YES;
				CLANG_WARN_UNGUARDED_AVAILABILITY = YES_AGGRESSIVE;
				CLANG_WARN_UNREACHABLE_CODE = YES;
				CLANG_WARN__DUPLICATE_METHOD_MATCH = YES;
				COPY_PHASE_STRIP = NO;
				DEBUG_INFORMATION_FORMAT = "dwarf-with-dsym";
				ENABLE_NS_ASSERTIONS = NO;
				ENABLE_STRICT_OBJC_MSGSEND = YES;
				GCC_C_LANGUAGE_STANDARD = gnu11;
				GCC_NO_COMMON_BLOCKS = YES;
				GCC_WARN_64_TO_32_BIT_CONVERSION = YES;
				GCC_WARN_ABOUT_RETURN_TYPE = YES_ERROR;
				GCC_WARN_UNDECLARED_SELECTOR = YES;
				GCC_WARN_UNINITIALIZED_AUTOS = YES_AGGRESSIVE;
				GCC_WARN_UNUSED_FUNCTION = YES;
				GCC_WARN_UNUSED_VARIABLE = YES;
				IPHONEOS_DEPLOYMENT_TARGET = 14.5;
				MTL_ENABLE_DEBUG_INFO = NO;
				MTL_FAST_MATH = YES;
				SDKROOT = iphoneos;
				SWIFT_COMPILATION_MODE = wholemodule;
				SWIFT_OPTIMIZATION_LEVEL = "-O";
				VALIDATE_PRODUCT = YES;
			};
			name = Release;
		};
		D6DCA56426CE50150035CC12 /* Debug */ = {
			isa = XCBuildConfiguration;
			buildSettings = {
				ASSETCATALOG_COMPILER_APPICON_NAME = AppIcon;
				ASSETCATALOG_COMPILER_GLOBAL_ACCENT_COLOR_NAME = AccentColor;
				CODE_SIGN_IDENTITY = "iPhone Developer";
				CODE_SIGN_STYLE = Manual;
				CURRENT_PROJECT_VERSION = 3;
				DEVELOPMENT_ASSET_PATHS = "\"UP Sample/Preview Content\"";
				DEVELOPMENT_TEAM = J968GMC2QA;
				ENABLE_PREVIEWS = YES;
				FRAMEWORK_SEARCH_PATHS = (
					"$(inherited)",
					"$(PROJECT_DIR)/Carthage/Build/iOS",
				);
				INFOPLIST_FILE = "UP Sample/Info.plist";
				IPHONEOS_DEPLOYMENT_TARGET = 14.0;
				LD_RUNPATH_SEARCH_PATHS = (
					"$(inherited)",
					"@executable_path/Frameworks",
				);
				PRODUCT_BUNDLE_IDENTIFIER = future.agency.up.sample;
				PRODUCT_NAME = "$(TARGET_NAME)";
				PROVISIONING_PROFILE_SPECIFIER = "Development Profile";
				SWIFT_VERSION = 5.0;
				TARGETED_DEVICE_FAMILY = "1,2";
				VALIDATE_WORKSPACE = NO;
			};
			name = Debug;
		};
		D6DCA56526CE50150035CC12 /* Release */ = {
			isa = XCBuildConfiguration;
			buildSettings = {
				ASSETCATALOG_COMPILER_APPICON_NAME = AppIcon;
				ASSETCATALOG_COMPILER_GLOBAL_ACCENT_COLOR_NAME = AccentColor;
				CODE_SIGN_IDENTITY = "Apple Development";
				CODE_SIGN_STYLE = Automatic;
				CURRENT_PROJECT_VERSION = 3;
				DEVELOPMENT_ASSET_PATHS = "\"UP Sample/Preview Content\"";
				DEVELOPMENT_TEAM = J968GMC2QA;
				ENABLE_PREVIEWS = YES;
				FRAMEWORK_SEARCH_PATHS = (
					"$(inherited)",
					"$(PROJECT_DIR)/Carthage/Build/iOS",
				);
				INFOPLIST_FILE = "UP Sample/Info.plist";
				IPHONEOS_DEPLOYMENT_TARGET = 14.0;
				LD_RUNPATH_SEARCH_PATHS = (
					"$(inherited)",
					"@executable_path/Frameworks",
				);
				PRODUCT_BUNDLE_IDENTIFIER = future.agency.up.sample;
				PRODUCT_NAME = "$(TARGET_NAME)";
				PROVISIONING_PROFILE_SPECIFIER = "";
				SWIFT_VERSION = 5.0;
				TARGETED_DEVICE_FAMILY = "1,2";
				VALIDATE_WORKSPACE = NO;
			};
			name = Release;
		};
		D6DCA56726CE50150035CC12 /* Debug */ = {
			isa = XCBuildConfiguration;
			buildSettings = {
				ALWAYS_EMBED_SWIFT_STANDARD_LIBRARIES = YES;
				BUNDLE_LOADER = "$(TEST_HOST)";
				CODE_SIGN_STYLE = Automatic;
				DEVELOPMENT_TEAM = N5NKN267TH;
				FRAMEWORK_SEARCH_PATHS = (
					"$(inherited)",
					"$(PROJECT_DIR)/Carthage/Build/iOS",
				);
				INFOPLIST_FILE = "UP SampleTests/Info.plist";
				IPHONEOS_DEPLOYMENT_TARGET = 14.0;
				LD_RUNPATH_SEARCH_PATHS = (
					"$(inherited)",
					"@executable_path/Frameworks",
					"@loader_path/Frameworks",
				);
				PRODUCT_BUNDLE_IDENTIFIER = "lukso.network.UP-SampleTests";
				PRODUCT_NAME = "$(TARGET_NAME)";
				SWIFT_VERSION = 5.0;
				TARGETED_DEVICE_FAMILY = "1,2";
				TEST_HOST = "$(BUILT_PRODUCTS_DIR)/UP Sample.app/UP Sample";
			};
			name = Debug;
		};
		D6DCA56826CE50150035CC12 /* Release */ = {
			isa = XCBuildConfiguration;
			buildSettings = {
				ALWAYS_EMBED_SWIFT_STANDARD_LIBRARIES = YES;
				BUNDLE_LOADER = "$(TEST_HOST)";
				CODE_SIGN_STYLE = Automatic;
				DEVELOPMENT_TEAM = N5NKN267TH;
				FRAMEWORK_SEARCH_PATHS = (
					"$(inherited)",
					"$(PROJECT_DIR)/Carthage/Build/iOS",
				);
				INFOPLIST_FILE = "UP SampleTests/Info.plist";
				IPHONEOS_DEPLOYMENT_TARGET = 14.0;
				LD_RUNPATH_SEARCH_PATHS = (
					"$(inherited)",
					"@executable_path/Frameworks",
					"@loader_path/Frameworks",
				);
				PRODUCT_BUNDLE_IDENTIFIER = "lukso.network.UP-SampleTests";
				PRODUCT_NAME = "$(TARGET_NAME)";
				SWIFT_VERSION = 5.0;
				TARGETED_DEVICE_FAMILY = "1,2";
				TEST_HOST = "$(BUILT_PRODUCTS_DIR)/UP Sample.app/UP Sample";
			};
			name = Release;
		};
		D6DCA56A26CE50150035CC12 /* Debug */ = {
			isa = XCBuildConfiguration;
			buildSettings = {
				ALWAYS_EMBED_SWIFT_STANDARD_LIBRARIES = YES;
				CODE_SIGN_STYLE = Automatic;
				DEVELOPMENT_TEAM = N5NKN267TH;
				FRAMEWORK_SEARCH_PATHS = (
					"$(inherited)",
					"$(PROJECT_DIR)/Carthage/Build/iOS",
				);
				INFOPLIST_FILE = "UP SampleUITests/Info.plist";
				LD_RUNPATH_SEARCH_PATHS = (
					"$(inherited)",
					"@executable_path/Frameworks",
					"@loader_path/Frameworks",
				);
				PRODUCT_BUNDLE_IDENTIFIER = "lukso.network.UP-SampleUITests";
				PRODUCT_NAME = "$(TARGET_NAME)";
				SWIFT_VERSION = 5.0;
				TARGETED_DEVICE_FAMILY = "1,2";
				TEST_TARGET_NAME = "UP Sample";
			};
			name = Debug;
		};
		D6DCA56B26CE50150035CC12 /* Release */ = {
			isa = XCBuildConfiguration;
			buildSettings = {
				ALWAYS_EMBED_SWIFT_STANDARD_LIBRARIES = YES;
				CODE_SIGN_STYLE = Automatic;
				DEVELOPMENT_TEAM = N5NKN267TH;
				FRAMEWORK_SEARCH_PATHS = (
					"$(inherited)",
					"$(PROJECT_DIR)/Carthage/Build/iOS",
				);
				INFOPLIST_FILE = "UP SampleUITests/Info.plist";
				LD_RUNPATH_SEARCH_PATHS = (
					"$(inherited)",
					"@executable_path/Frameworks",
					"@loader_path/Frameworks",
				);
				PRODUCT_BUNDLE_IDENTIFIER = "lukso.network.UP-SampleUITests";
				PRODUCT_NAME = "$(TARGET_NAME)";
				SWIFT_VERSION = 5.0;
				TARGETED_DEVICE_FAMILY = "1,2";
				TEST_TARGET_NAME = "UP Sample";
			};
			name = Release;
		};
/* End XCBuildConfiguration section */

/* Begin XCConfigurationList section */
		D6DCA53926CE50140035CC12 /* Build configuration list for PBXProject "UP Sample" */ = {
			isa = XCConfigurationList;
			buildConfigurations = (
				D6DCA56126CE50150035CC12 /* Debug */,
				D6DCA56226CE50150035CC12 /* Release */,
			);
			defaultConfigurationIsVisible = 0;
			defaultConfigurationName = Release;
		};
		D6DCA56326CE50150035CC12 /* Build configuration list for PBXNativeTarget "UP Sample" */ = {
			isa = XCConfigurationList;
			buildConfigurations = (
				D6DCA56426CE50150035CC12 /* Debug */,
				D6DCA56526CE50150035CC12 /* Release */,
			);
			defaultConfigurationIsVisible = 0;
			defaultConfigurationName = Release;
		};
		D6DCA56626CE50150035CC12 /* Build configuration list for PBXNativeTarget "UP SampleTests" */ = {
			isa = XCConfigurationList;
			buildConfigurations = (
				D6DCA56726CE50150035CC12 /* Debug */,
				D6DCA56826CE50150035CC12 /* Release */,
			);
			defaultConfigurationIsVisible = 0;
			defaultConfigurationName = Release;
		};
		D6DCA56926CE50150035CC12 /* Build configuration list for PBXNativeTarget "UP SampleUITests" */ = {
			isa = XCConfigurationList;
			buildConfigurations = (
				D6DCA56A26CE50150035CC12 /* Debug */,
				D6DCA56B26CE50150035CC12 /* Release */,
			);
			defaultConfigurationIsVisible = 0;
			defaultConfigurationName = Release;
		};
/* End XCConfigurationList section */

/* Begin XCRemoteSwiftPackageReference section */
		D601905426F4AD9000F8BC0B /* XCRemoteSwiftPackageReference "swift-collections" */ = {
			isa = XCRemoteSwiftPackageReference;
			repositoryURL = "https://github.com/apple/swift-collections.git";
			requirement = {
				kind = upToNextMajorVersion;
				minimumVersion = 1.0.0;
			};
		};
/* End XCRemoteSwiftPackageReference section */

/* Begin XCSwiftPackageProductDependency section */
		D601905526F4AD9000F8BC0B /* OrderedCollections */ = {
			isa = XCSwiftPackageProductDependency;
			package = D601905426F4AD9000F8BC0B /* XCRemoteSwiftPackageReference "swift-collections" */;
			productName = OrderedCollections;
		};
		D601905726F4AD9000F8BC0B /* Collections */ = {
			isa = XCSwiftPackageProductDependency;
			package = D601905426F4AD9000F8BC0B /* XCRemoteSwiftPackageReference "swift-collections" */;
			productName = Collections;
		};
		D601905926F4AD9000F8BC0B /* DequeModule */ = {
			isa = XCSwiftPackageProductDependency;
			package = D601905426F4AD9000F8BC0B /* XCRemoteSwiftPackageReference "swift-collections" */;
			productName = DequeModule;
		};
/* End XCSwiftPackageProductDependency section */
	};
	rootObject = D6DCA53626CE50140035CC12 /* Project object */;
}
