{
  "object": {
    "pins": [
      {
        "package": "Base58",
        "repositoryURL": "https://github.com/jmmaloney4/Base58.swift.git",
        "state": {
          "branch": "master",
          "revision": "1479f14923c10f0e1e33b49eda7e49946abf0b77",
          "version": null
        }
      },
      {
        "package": "BigInt",
        "repositoryURL": "https://github.com/attaswift/BigInt",
        "state": {
          "branch": null,
          "revision": "0ed110f7555c34ff468e72e1686e59721f2b0da6",
          "version": "5.3.0"
        }
      },
      {
        "package": "Multihash",
        "repositoryURL": "https://github.com/jmmaloney4/Multihash.swift",
        "state": {
          "branch": "master",
          "revision": "a15f987ee983b8b0540e4f552f9cf798a251c02b",
          "version": null
        }
      },
      {
        "package": "swift-collections",
        "repositoryURL": "https://github.com/apple/swift-collections.git",
        "state": {
          "branch": null,
          "revision": "07e47b1e93e5a1e0ef0c50fcb2d6739fb6be4003",
          "version": "1.0.0"
        }
      }
    ]
  },
  "version": 1
}
